<?xml version="1.0" encoding="utf-8"?>
<Project ToolsVersion="4.0" xmlns="http://schemas.microsoft.com/developer/msbuild/2003">
  <ItemGroup>
    <Filter Include="Unittest">
      <UniqueIdentifier>{0f94dc73-23f5-4888-9ba1-f0af6b946735}</UniqueIdentifier>
    </Filter>
    <Filter Include="Unittest\SecureChannel">
      <UniqueIdentifier>{20619db9-f776-42d5-aa54-c4db8c56a736}</UniqueIdentifier>
    </Filter>
  </ItemGroup>
  <ItemGroup>
    <ClInclude Include="..\..\tst\os.h">
      <Filter>Unittest</Filter>
    </ClInclude>
    <ClInclude Include="..\..\tst\unittest.h">
      <Filter>Unittest</Filter>
    </ClInclude>
  </ItemGroup>
  <ItemGroup>
    <ClCompile Include="..\..\tst\unittest.cpp">
      <Filter>Unittest</Filter>
    </ClCompile>
    <ClCompile Include="..\..\tst\OpcUaStackClientServer\SecureChannel\SecureChannel_t.cpp">
      <Filter>Unittest\SecureChannel</Filter>
    </ClCompile>
  </ItemGroup>
</Project>