<?xml version="1.0" encoding="utf-8"?>
<Project ToolsVersion="4.0" xmlns="http://schemas.microsoft.com/developer/msbuild/2003">
  <ItemGroup>
    <Filter Include="src">
      <UniqueIdentifier>{4FC737F1-C7A5-4376-A066-2A32D752A2FF}</UniqueIdentifier>
      <Extensions>cpp;c;cc;cxx;def;odl;idl;hpj;bat;asm;asmx</Extensions>
    </Filter>
    <Filter Include="src\server">
      <UniqueIdentifier>{489ce7e6-a65e-4f17-a192-724c7a6e0931}</UniqueIdentifier>
    </Filter>
    <Filter Include="src\ClientStack">
      <UniqueIdentifier>{129d7c46-82b0-4d07-9619-905d0d793ead}</UniqueIdentifier>
    </Filter>
    <Filter Include="src\raspberry">
      <UniqueIdentifier>{da73864d-bd58-46c0-830a-4bc6f182b318}</UniqueIdentifier>
    </Filter>
  </ItemGroup>
  <ItemGroup>
    <ClCompile Include="..\..\src\OpcUaServer\Server\ServerMain.cpp">
      <Filter>src\server</Filter>
    </ClCompile>
    <ClCompile Include="..\..\src\OpcUaServer\Server\Server.cpp">
      <Filter>src\server</Filter>
    </ClCompile>
    <ClCompile Include="..\..\src\OpcUaServer\Raspberry\Raspberry.cpp">
      <Filter>src\raspberry</Filter>
    </ClCompile>
  </ItemGroup>
  <ItemGroup>
    <ClInclude Include="..\..\inc\OpcUaServer\Server\Server.h">
      <Filter>src\server</Filter>
    </ClInclude>
    <ClInclude Include="..\..\inc\OpcUaServer\Raspberry\Raspberry.h">
      <Filter>src\raspberry</Filter>
    </ClInclude>
  </ItemGroup>
</Project>