<?xml version="1.0" encoding="utf-8"?>
<Project ToolsVersion="4.0" xmlns="http://schemas.microsoft.com/developer/msbuild/2003">
  <ItemGroup>
    <Filter Include="Resource Files">
      <UniqueIdentifier>{67DA6AB6-F800-4c08-8B7A-83BB121AAD01}</UniqueIdentifier>
      <Extensions>rc;ico;cur;bmp;dlg;rc2;rct;bin;rgs;gif;jpg;jpeg;jpe;resx;tiff;tif;png;wav;mfcribbon-ms</Extensions>
    </Filter>
    <Filter Include="dll">
      <UniqueIdentifier>{81829682-c900-4589-a4fe-574d063959d6}</UniqueIdentifier>
    </Filter>
    <Filter Include="src">
      <UniqueIdentifier>{4FC737F1-C7A5-4376-A066-2A32D752A2FF}</UniqueIdentifier>
      <Extensions>cpp;c;cc;cxx;def;odl;idl;hpj;bat;asm;asmx</Extensions>
    </Filter>
    <Filter Include="src\SecureChannel">
      <UniqueIdentifier>{ea33769a-380d-41ab-9c8b-5a7fc410f0e1}</UniqueIdentifier>
    </Filter>
    <Filter Include="src\InformationModel">
      <UniqueIdentifier>{f02de807-d12b-4494-b918-2206713a5662}</UniqueIdentifier>
    </Filter>
    <Filter Include="src\AddressSpaceModel">
      <UniqueIdentifier>{111d809e-d6a2-459f-899e-ee5bb124e4ad}</UniqueIdentifier>
    </Filter>
    <Filter Include="src\NodeSet">
      <UniqueIdentifier>{5f6e8c63-f2b3-48c2-a546-72bf09b8956b}</UniqueIdentifier>
    </Filter>
    <Filter Include="src\ServiceSet">
      <UniqueIdentifier>{4f3c6a01-b42a-4530-be8e-f7c52ffc63ab}</UniqueIdentifier>
    </Filter>
    <Filter Include="src\ServiceSet\AttributeServiceSet">
      <UniqueIdentifier>{a3bffaaf-083f-447a-8e8e-9110b62a8e42}</UniqueIdentifier>
    </Filter>
    <Filter Include="src\ServiceSet\SessionServiceSet">
      <UniqueIdentifier>{d0233f5d-557a-4a78-ae7f-2f7973eb87ef}</UniqueIdentifier>
    </Filter>
    <Filter Include="src\ServiceSet\DiscoveryServiceSet">
      <UniqueIdentifier>{86b90303-214c-433c-818f-b4ab6e2aa582}</UniqueIdentifier>
    </Filter>
    <Filter Include="src\ServiceSet\MethodServiceSet">
      <UniqueIdentifier>{726fac33-db6e-4071-a8bf-98aa6b99cb99}</UniqueIdentifier>
    </Filter>
    <Filter Include="src\ServiceSet\MonitoredItemServiceSet">
      <UniqueIdentifier>{20c96cca-45f7-448e-9ebe-a94cf860ee82}</UniqueIdentifier>
    </Filter>
    <Filter Include="src\ServiceSet\NodeManagementServiceSet">
      <UniqueIdentifier>{c4154a18-a84b-4a78-8912-8d49f79f8161}</UniqueIdentifier>
    </Filter>
    <Filter Include="src\ServiceSet\QueryServiceSet">
      <UniqueIdentifier>{828b848c-cc9d-48cc-a586-c8a213245fce}</UniqueIdentifier>
    </Filter>
    <Filter Include="src\ServiceSet\SubscriptionServiceSet">
      <UniqueIdentifier>{01bfa943-5c60-4767-923b-3383451cf636}</UniqueIdentifier>
    </Filter>
    <Filter Include="src\ServiceSet\ViewServiceSet">
      <UniqueIdentifier>{3b530c32-7c70-467a-bc88-11511d2fb8b1}</UniqueIdentifier>
    </Filter>
    <Filter Include="src\ServiceManager">
      <UniqueIdentifier>{1862a2a0-9f3f-4cf9-a782-e7aa27a3ee78}</UniqueIdentifier>
    </Filter>
    <Filter Include="src\ServiceSet\Common">
      <UniqueIdentifier>{686606aa-e236-4fb9-a893-ac3f72fd1172}</UniqueIdentifier>
    </Filter>
  </ItemGroup>
  <ItemGroup>
    <ClInclude Include="stdafx.h">
      <Filter>dll</Filter>
    </ClInclude>
    <ClInclude Include="targetver.h">
      <Filter>dll</Filter>
    </ClInclude>
    <ClInclude Include="..\..\inc\OpcUaStackServer\SecureChannel\SecureChannelServer.h">
      <Filter>src\SecureChannel</Filter>
    </ClInclude>
    <ClInclude Include="..\..\inc\OpcUaStackServer\SecureChannel\SecureChannelServerConfig.h">
      <Filter>src\SecureChannel</Filter>
    </ClInclude>
    <ClInclude Include="..\..\inc\OpcUaStackServer\AddressSpaceModel\BaseNodeClass.h">
      <Filter>src\AddressSpaceModel</Filter>
    </ClInclude>
    <ClInclude Include="..\..\inc\OpcUaStackServer\AddressSpaceModel\DataTypeNodeClass.h">
      <Filter>src\AddressSpaceModel</Filter>
    </ClInclude>
    <ClInclude Include="..\..\inc\OpcUaStackServer\AddressSpaceModel\MethodNodeClass.h">
      <Filter>src\AddressSpaceModel</Filter>
    </ClInclude>
    <ClInclude Include="..\..\inc\OpcUaStackServer\AddressSpaceModel\ObjectNodeClass.h">
      <Filter>src\AddressSpaceModel</Filter>
    </ClInclude>
    <ClInclude Include="..\..\inc\OpcUaStackServer\AddressSpaceModel\ReferenceTypeNodeClass.h">
      <Filter>src\AddressSpaceModel</Filter>
    </ClInclude>
    <ClInclude Include="..\..\inc\OpcUaStackServer\AddressSpaceModel\VariableNodeClass.h">
      <Filter>src\AddressSpaceModel</Filter>
    </ClInclude>
    <ClInclude Include="..\..\inc\OpcUaStackServer\AddressSpaceModel\ViewNodeClass.h">
      <Filter>src\AddressSpaceModel</Filter>
    </ClInclude>
    <ClInclude Include="..\..\inc\OpcUaStackServer\AddressSpaceModel\ObjectTypeNodeClass.h">
      <Filter>src\AddressSpaceModel</Filter>
    </ClInclude>
    <ClInclude Include="..\..\inc\OpcUaStackServer\AddressSpaceModel\Attribute.h">
      <Filter>src\AddressSpaceModel</Filter>
    </ClInclude>
    <ClInclude Include="..\..\inc\OpcUaStackServer\AddressSpaceModel\VariableTypeNodeClass.h">
      <Filter>src\AddressSpaceModel</Filter>
    </ClInclude>
    <ClInclude Include="..\..\inc\OpcUaStackServer\ServiceSet\SessionManager.h">
      <Filter>src\ServiceSet\SessionServiceSet</Filter>
    </ClInclude>
    <ClInclude Include="..\..\inc\OpcUaStackServer\SecureChannel\SecureChannelIf.h">
      <Filter>src\SecureChannel</Filter>
    </ClInclude>
    <ClInclude Include="..\..\inc\OpcUaStackServer\ServiceSet\Session.h">
      <Filter>src\ServiceSet\SessionServiceSet</Filter>
    </ClInclude>
    <ClInclude Include="..\..\inc\OpcUaStackServer\ServiceSet\SessionIf.h">
      <Filter>src\ServiceSet\SessionServiceSet</Filter>
    </ClInclude>
    <ClInclude Include="..\..\inc\OpcUaStackServer\ServiceSet\SessionConfig.h">
      <Filter>src\ServiceSet\SessionServiceSet</Filter>
    </ClInclude>
    <ClInclude Include="..\..\inc\OpcUaStackServer\ServiceSet\TransactionManager.h">
      <Filter>src\ServiceSet\SessionServiceSet</Filter>
    </ClInclude>
    <ClInclude Include="..\..\inc\OpcUaStackServer\ServiceSet\AttributeService.h">
      <Filter>src\ServiceSet\AttributeServiceSet</Filter>
    </ClInclude>
    <ClInclude Include="..\..\inc\OpcUaStackServer\ServiceSet\DiscoveryService.h">
      <Filter>src\ServiceSet\DiscoveryServiceSet</Filter>
    </ClInclude>
    <ClInclude Include="..\..\inc\OpcUaStackServer\AddressSpaceModel\ReferenceType.h">
      <Filter>src\AddressSpaceModel</Filter>
    </ClInclude>
    <ClInclude Include="..\..\inc\OpcUaStackServer\NodeSet\NodeSetXmlParser.h">
      <Filter>src\NodeSet</Filter>
    </ClInclude>
    <ClInclude Include="..\..\inc\OpcUaStackServer\ServiceSet\EndpointDescriptionConfig.h">
      <Filter>src\ServiceSet\SessionServiceSet</Filter>
    </ClInclude>
    <ClInclude Include="..\..\inc\OpcUaStackServer\SecureChannel\SecureChannelTransaction.h">
      <Filter>src\SecureChannel</Filter>
    </ClInclude>
    <ClInclude Include="..\..\inc\OpcUaStackServer\ServiceSet\MethodService.h">
      <Filter>src\ServiceSet\MethodServiceSet</Filter>
    </ClInclude>
    <ClInclude Include="..\..\inc\OpcUaStackServer\ServiceSet\MonitoredItemService.h">
      <Filter>src\ServiceSet\MonitoredItemServiceSet</Filter>
    </ClInclude>
    <ClInclude Include="..\..\inc\OpcUaStackServer\ServiceSet\ViewService.h">
      <Filter>src\ServiceSet\ViewServiceSet</Filter>
    </ClInclude>
    <ClInclude Include="..\..\inc\OpcUaStackServer\ServiceSet\SubscriptionService.h">
      <Filter>src\ServiceSet\SubscriptionServiceSet</Filter>
    </ClInclude>
    <ClInclude Include="..\..\inc\OpcUaStackServer\ServiceSet\QueryService.h">
      <Filter>src\ServiceSet\QueryServiceSet</Filter>
    </ClInclude>
    <ClInclude Include="..\..\inc\OpcUaStackServer\ServiceSet\NodeManagementService.h">
      <Filter>src\ServiceSet\NodeManagementServiceSet</Filter>
    </ClInclude>
    <ClInclude Include="..\..\inc\OpcUaStackServer\ServiceManager\ServiceManager.h">
      <Filter>src\ServiceManager</Filter>
    </ClInclude>
    <ClInclude Include="..\..\inc\OpcUaStackServer\InformationModel\InformationModel.h">
      <Filter>src\InformationModel</Filter>
    </ClInclude>
    <ClInclude Include="..\..\inc\OpcUaStackServer\NodeSet\NodeSetBinaryParser.h">
      <Filter>src\NodeSet</Filter>
    </ClInclude>
    <ClInclude Include="..\..\inc\OpcUaStackServer\NodeSet\NodeSetBaseParser.h">
      <Filter>src\NodeSet</Filter>
    </ClInclude>
    <ClInclude Include="..\..\inc\OpcUaStackServer\InformationModel\InformationModelNodeSet.h">
      <Filter>src\InformationModel</Filter>
    </ClInclude>
    <ClInclude Include="..\..\inc\OpcUaStackServer\ServiceSet\ServiceSetBase.h">
      <Filter>src\ServiceSet\Common</Filter>
    </ClInclude>
    <ClInclude Include="..\..\inc\OpcUaStackServer\AddressSpaceModel\AttributeBase.h">
      <Filter>src\AddressSpaceModel</Filter>
    </ClInclude>
    <ClInclude Include="..\..\inc\OpcUaStackServer\AddressSpaceModel\AttributeAccess.h">
      <Filter>src\AddressSpaceModel</Filter>
    </ClInclude>
  </ItemGroup>
  <ItemGroup>
    <ClCompile Include="dllmain.cpp">
      <Filter>dll</Filter>
    </ClCompile>
    <ClCompile Include="OpcUaStackServer_dll.cpp">
      <Filter>dll</Filter>
    </ClCompile>
    <ClCompile Include="stdafx.cpp">
      <Filter>dll</Filter>
    </ClCompile>
    <ClCompile Include="..\..\src\OpcUaStackServer\SecureChannel\SecureChannelServer.cpp">
      <Filter>src\SecureChannel</Filter>
    </ClCompile>
    <ClCompile Include="..\..\src\OpcUaStackServer\SecureChannel\SecureChannelServerConfig.cpp">
      <Filter>src\SecureChannel</Filter>
    </ClCompile>
    <ClCompile Include="..\..\src\OpcUaStackServer\AddressSpaceModel\BaseNodeClass.cpp">
      <Filter>src\AddressSpaceModel</Filter>
    </ClCompile>
    <ClCompile Include="..\..\src\OpcUaStackServer\AddressSpaceModel\DataTypeNodeClass.cpp">
      <Filter>src\AddressSpaceModel</Filter>
    </ClCompile>
    <ClCompile Include="..\..\src\OpcUaStackServer\AddressSpaceModel\MethodNodeClass.cpp">
      <Filter>src\AddressSpaceModel</Filter>
    </ClCompile>
    <ClCompile Include="..\..\src\OpcUaStackServer\AddressSpaceModel\ObjectNodeClass.cpp">
      <Filter>src\AddressSpaceModel</Filter>
    </ClCompile>
    <ClCompile Include="..\..\src\OpcUaStackServer\AddressSpaceModel\ReferenceTypeNodeClass.cpp">
      <Filter>src\AddressSpaceModel</Filter>
    </ClCompile>
    <ClCompile Include="..\..\src\OpcUaStackServer\AddressSpaceModel\VariableNodeClass.cpp">
      <Filter>src\AddressSpaceModel</Filter>
    </ClCompile>
    <ClCompile Include="..\..\src\OpcUaStackServer\AddressSpaceModel\ViewNodeClass.cpp">
      <Filter>src\AddressSpaceModel</Filter>
    </ClCompile>
    <ClCompile Include="..\..\src\OpcUaStackServer\AddressSpaceModel\ObjectTypeNodeClass.cpp">
      <Filter>src\AddressSpaceModel</Filter>
    </ClCompile>
    <ClCompile Include="..\..\src\OpcUaStackServer\AddressSpaceModel\Attribute.cpp">
      <Filter>src\AddressSpaceModel</Filter>
    </ClCompile>
    <ClCompile Include="..\..\src\OpcUaStackServer\AddressSpaceModel\VariableTypeNodeClass.cpp">
      <Filter>src\AddressSpaceModel</Filter>
    </ClCompile>
    <ClCompile Include="..\..\src\OpcUaStackServer\ServiceSet\SessionManager.cpp">
      <Filter>src\ServiceSet\SessionServiceSet</Filter>
    </ClCompile>
    <ClCompile Include="..\..\src\OpcUaStackServer\ServiceSet\Session.cpp">
      <Filter>src\ServiceSet\SessionServiceSet</Filter>
    </ClCompile>
    <ClCompile Include="..\..\src\OpcUaStackServer\ServiceSet\SessionConfig.cpp">
      <Filter>src\ServiceSet\SessionServiceSet</Filter>
    </ClCompile>
    <ClCompile Include="..\..\src\OpcUaStackServer\ServiceSet\TransactionManager.cpp">
      <Filter>src\ServiceSet\SessionServiceSet</Filter>
    </ClCompile>
    <ClCompile Include="..\..\src\OpcUaStackServer\ServiceSet\AttributeService.cpp">
      <Filter>src\ServiceSet\AttributeServiceSet</Filter>
    </ClCompile>
    <ClCompile Include="..\..\src\OpcUaStackServer\ServiceSet\DiscoveryService.cpp">
      <Filter>src\ServiceSet\DiscoveryServiceSet</Filter>
    </ClCompile>
    <ClCompile Include="..\..\src\OpcUaStackServer\AddressSpaceModel\ReferenceType.cpp">
      <Filter>src\AddressSpaceModel</Filter>
    </ClCompile>
    <ClCompile Include="..\..\src\OpcUaStackServer\NodeSet\NodeSetXmlParser.cpp">
      <Filter>src\NodeSet</Filter>
    </ClCompile>
    <ClCompile Include="..\..\src\OpcUaStackServer\ServiceSet\EndpointDescriptionConfig.cpp">
      <Filter>src\ServiceSet\SessionServiceSet</Filter>
    </ClCompile>
    <ClCompile Include="..\..\src\OpcUaStackServer\SecureChannel\SecureChannelTransaction.cpp">
      <Filter>src\SecureChannel</Filter>
    </ClCompile>
    <ClCompile Include="..\..\src\OpcUaStackServer\ServiceSet\MethodService.cpp">
      <Filter>src\ServiceSet\MethodServiceSet</Filter>
    </ClCompile>
    <ClCompile Include="..\..\src\OpcUaStackServer\ServiceSet\MonitoredItemService.cpp">
      <Filter>src\ServiceSet\MonitoredItemServiceSet</Filter>
    </ClCompile>
    <ClCompile Include="..\..\src\OpcUaStackServer\ServiceSet\ViewService.cpp">
      <Filter>src\ServiceSet\ViewServiceSet</Filter>
    </ClCompile>
    <ClCompile Include="..\..\src\OpcUaStackServer\ServiceSet\SubscriptionService.cpp">
      <Filter>src\ServiceSet\SubscriptionServiceSet</Filter>
    </ClCompile>
    <ClCompile Include="..\..\src\OpcUaStackServer\ServiceSet\QueryService.cpp">
      <Filter>src\ServiceSet\QueryServiceSet</Filter>
    </ClCompile>
    <ClCompile Include="..\..\src\OpcUaStackServer\ServiceSet\NodeManagementService.cpp">
      <Filter>src\ServiceSet\NodeManagementServiceSet</Filter>
    </ClCompile>
    <ClCompile Include="..\..\src\OpcUaStackServer\ServiceManager\ServiceManager.cpp">
      <Filter>src\ServiceManager</Filter>
    </ClCompile>
    <ClCompile Include="..\..\src\OpcUaStackServer\InformationModel\InformationModel.cpp">
      <Filter>src\InformationModel</Filter>
    </ClCompile>
    <ClCompile Include="..\..\src\OpcUaStackServer\NodeSet\NodeSetBinaryParser.cpp">
      <Filter>src\NodeSet</Filter>
    </ClCompile>
    <ClCompile Include="..\..\src\OpcUaStackServer\NodeSet\NodeSetBaseParser.cpp">
      <Filter>src\NodeSet</Filter>
    </ClCompile>
    <ClCompile Include="..\..\src\OpcUaStackServer\InformationModel\InformationModelNodeSet.cpp">
      <Filter>src\InformationModel</Filter>
    </ClCompile>
    <ClCompile Include="..\..\src\OpcUaStackServer\ServiceSet\ServiceSetBase.cpp">
      <Filter>src\ServiceSet\Common</Filter>
    </ClCompile>
    <ClCompile Include="..\..\src\OpcUaStackServer\AddressSpaceModel\AttributeBase.cpp">
      <Filter>src\AddressSpaceModel</Filter>
    </ClCompile>
    <ClCompile Include="..\..\src\OpcUaStackServer\AddressSpaceModel\AttributeAccess.cpp">
      <Filter>src\AddressSpaceModel</Filter>
    </ClCompile>
  </ItemGroup>
</Project>