<?xml version="1.0" encoding="utf-8"?>
<Project ToolsVersion="4.0" xmlns="http://schemas.microsoft.com/developer/msbuild/2003">
  <ItemGroup>
    <Filter Include="dll">
      <UniqueIdentifier>{02b263e8-136a-42dd-afd7-16b111eaad55}</UniqueIdentifier>
    </Filter>
    <Filter Include="src">
      <UniqueIdentifier>{1585b797-295e-456a-ad70-f1a007704b68}</UniqueIdentifier>
    </Filter>
    <Filter Include="src\SecureChannel">
      <UniqueIdentifier>{48f712c7-596a-4824-a5e3-4767ae97d440}</UniqueIdentifier>
    </Filter>
    <Filter Include="src\ServiceSet">
      <UniqueIdentifier>{15f6144d-515d-43dd-b5ef-8bd385176f05}</UniqueIdentifier>
    </Filter>
    <Filter Include="src\ServiceSet\SessionServiceSet">
      <UniqueIdentifier>{1666fe4f-2e21-445b-8b54-949a4d804ff0}</UniqueIdentifier>
    </Filter>
    <Filter Include="src\ServiceSet\AttributeService">
      <UniqueIdentifier>{adb5da2a-4720-45d8-b688-23c2955f35c6}</UniqueIdentifier>
    </Filter>
    <Filter Include="src\ServiceSet\Common">
      <UniqueIdentifier>{5c543bf9-1404-449a-92c4-2760b3669fe4}</UniqueIdentifier>
    </Filter>
    <Filter Include="src\ServiceSet\DisccoveryServiceSet">
      <UniqueIdentifier>{d741dbfc-611f-499a-8797-437b03ff1a5b}</UniqueIdentifier>
    </Filter>
    <Filter Include="src\ServiceSet\MethodServiceSet">
      <UniqueIdentifier>{9e684e4f-7149-4d48-8d7f-99d353ea0d8c}</UniqueIdentifier>
    </Filter>
    <Filter Include="src\ServiceSet\MonitoredItemServiceSet">
      <UniqueIdentifier>{bb0856ea-8851-4e44-932b-6243f0c45c7e}</UniqueIdentifier>
    </Filter>
    <Filter Include="src\ServiceSet\NodeManagementServiceSet">
      <UniqueIdentifier>{933bcf9a-991b-4142-a391-b0610dd71285}</UniqueIdentifier>
    </Filter>
    <Filter Include="src\ServiceSet\QueryServiceSet">
      <UniqueIdentifier>{b373d8ac-bc9d-4594-aca1-7122648d869e}</UniqueIdentifier>
    </Filter>
    <Filter Include="src\ServiceSet\SubscriptionServiceSet">
      <UniqueIdentifier>{8b242a51-547e-4da3-89dc-24c92c1f697f}</UniqueIdentifier>
    </Filter>
    <Filter Include="src\ServiceSet\ViewServiceSet">
      <UniqueIdentifier>{0706ca54-22a0-4e92-ab65-97f4be5970c1}</UniqueIdentifier>
    </Filter>
    <Filter Include="src\Server">
      <UniqueIdentifier>{cdf9bb8c-fee6-4e56-aad0-af6f52918a2e}</UniqueIdentifier>
    </Filter>
    <Filter Include="src\NodeSet">
      <UniqueIdentifier>{f07b4cd3-47e0-4613-9e2d-40b84c30e4d1}</UniqueIdentifier>
    </Filter>
  </ItemGroup>
  <ItemGroup>
    <ClInclude Include="stdafx.h">
      <Filter>dll</Filter>
    </ClInclude>
    <ClInclude Include="targetver.h">
      <Filter>dll</Filter>
    </ClInclude>
    <ClInclude Include="..\..\inc\OpcUaStackClient\SecureChannel\SecureChannelClient.h">
      <Filter>src\SecureChannel</Filter>
    </ClInclude>
    <ClInclude Include="..\..\inc\OpcUaStackClient\SecureChannel\SecureChannelClientConfig.h">
      <Filter>src\SecureChannel</Filter>
    </ClInclude>
    <ClInclude Include="..\..\inc\OpcUaStackClient\ServiceSet\Session.h">
      <Filter>src\ServiceSet\SessionServiceSet</Filter>
    </ClInclude>
    <ClInclude Include="..\..\inc\OpcUaStackClient\ServiceSet\SessionConfig.h">
      <Filter>src\ServiceSet\SessionServiceSet</Filter>
    </ClInclude>
    <ClInclude Include="..\..\inc\OpcUaStackClient\ServiceSet\SessionIf.h">
      <Filter>src\ServiceSet\SessionServiceSet</Filter>
    </ClInclude>
    <ClInclude Include="..\..\inc\OpcUaStackClient\SecureChannel\SecureChannelIf.h">
      <Filter>src\SecureChannel</Filter>
    </ClInclude>
    <ClInclude Include="..\..\inc\OpcUaStackClient\SecureChannel\SecureChannelTestHandler.h">
      <Filter>src\SecureChannel</Filter>
    </ClInclude>
    <ClInclude Include="..\..\inc\OpcUaStackClient\ServiceSet\SessionTestHandler.h">
      <Filter>src\ServiceSet\SessionServiceSet</Filter>
    </ClInclude>
    <ClInclude Include="..\..\inc\OpcUaStackClient\ServiceSet\SessionManager.h">
      <Filter>src\ServiceSet\SessionServiceSet</Filter>
    </ClInclude>
    <ClInclude Include="..\..\inc\OpcUaStackClient\ServiceSet\AttributeService.h">
      <Filter>src\ServiceSet\AttributeService</Filter>
    </ClInclude>
    <ClInclude Include="..\..\inc\OpcUaStackClient\Client\Client.h">
      <Filter>src\Server</Filter>
    </ClInclude>
    <ClInclude Include="..\..\inc\OpcUaStackClient\NodeSet\NodeSetClientReader.h">
      <Filter>src\NodeSet</Filter>
    </ClInclude>
    <ClInclude Include="..\..\inc\OpcUaStackClient\ServiceSet\ViewService.h">
      <Filter>src\ServiceSet\ViewServiceSet</Filter>
    </ClInclude>
  </ItemGroup>
  <ItemGroup>
    <ClCompile Include="dllmain.cpp">
      <Filter>dll</Filter>
    </ClCompile>
    <ClCompile Include="OpcUaStackClient_dll.cpp">
      <Filter>dll</Filter>
    </ClCompile>
    <ClCompile Include="stdafx.cpp">
      <Filter>dll</Filter>
    </ClCompile>
    <ClCompile Include="..\..\src\OpcUaStackClient\SecureChannel\SecureChannelClient.cpp">
      <Filter>src\SecureChannel</Filter>
    </ClCompile>
    <ClCompile Include="..\..\src\OpcUaStackClient\SecureChannel\SecureChannelClientConfig.cpp">
      <Filter>src\SecureChannel</Filter>
    </ClCompile>
    <ClCompile Include="..\..\src\OpcUaStackClient\ServiceSet\Session.cpp">
      <Filter>src\ServiceSet\SessionServiceSet</Filter>
    </ClCompile>
    <ClCompile Include="..\..\src\OpcUaStackClient\ServiceSet\SessionConfig.cpp">
      <Filter>src\ServiceSet\SessionServiceSet</Filter>
    </ClCompile>
    <ClCompile Include="..\..\src\OpcUaStackClient\ServiceSet\SessionManager.cpp">
      <Filter>src\ServiceSet\SessionServiceSet</Filter>
    </ClCompile>
    <ClCompile Include="..\..\src\OpcUaStackClient\ServiceSet\AttributeService.cpp">
      <Filter>src\ServiceSet\AttributeService</Filter>
    </ClCompile>
    <ClCompile Include="..\..\src\OpcUaStackClient\Client\Client.cpp">
      <Filter>src\Server</Filter>
    </ClCompile>
    <ClCompile Include="..\..\src\OpcUaStackClient\NodeSet\NodeSetClientReader.cpp">
      <Filter>src\NodeSet</Filter>
    </ClCompile>
    <ClCompile Include="..\..\src\OpcUaStackClient\NodeSet\ViewService.cpp">
      <Filter>src\ServiceSet\ViewServiceSet</Filter>
    </ClCompile>
  </ItemGroup>
</Project>