
Microsoft Visual Studio Solution File, Format Version 12.00
# Visual Studio 2012
Project("{8BC9CEB8-8B4A-11D0-8D11-00A0C91BC942}") = "OpcUaStackCore_Test", "OpcUaStackCore_Test\OpcUaStackCore_Test.vcxproj", "{F79E2F99-1E22-4449-BEC1-7CAD7B1F6EB0}"
	ProjectSection(ProjectDependencies) = postProject
		{87C59DD2-63A7-4481-8D8F-ACAD1B55B523} = {87C59DD2-63A7-4481-8D8F-ACAD1B55B523}
	EndProjectSection
EndProject
Project("{8BC9CEB8-8B4A-11D0-8D11-00A0C91BC942}") = "OpcUaStackCore_dll", "OpcUaStackCore_dll\OpcUaStackCore_dll.vcxproj", "{87C59DD2-63A7-4481-8D8F-ACAD1B55B523}"
EndProject
Project("{8BC9CEB8-8B4A-11D0-8D11-00A0C91BC942}") = "OpcUaStackClient_dll", "OpcUaStackClient_dll\OpcUaStackClient_dll.vcxproj", "{1CC3F1FC-87CE-4A76-B80B-315A6C2EA394}"
	ProjectSection(ProjectDependencies) = postProject
		{87C59DD2-63A7-4481-8D8F-ACAD1B55B523} = {87C59DD2-63A7-4481-8D8F-ACAD1B55B523}
	EndProjectSection
EndProject
Project("{8BC9CEB8-8B4A-11D0-8D11-00A0C91BC942}") = "OpcUaStackServer_dll", "OpcUaStackServer_dll\OpcUaStackServer_dll.vcxproj", "{C857FCD8-A591-4100-9F3C-2D4B9A8D2F4D}"
	ProjectSection(ProjectDependencies) = postProject
		{87C59DD2-63A7-4481-8D8F-ACAD1B55B523} = {87C59DD2-63A7-4481-8D8F-ACAD1B55B523}
	EndProjectSection
EndProject
Project("{2150E333-8FDC-42A3-9474-1A3956D46DE8}") = "dll", "dll", "{21747091-4ED0-4433-A98E-D858D24BD822}"
EndProject
Project("{2150E333-8FDC-42A3-9474-1A3956D46DE8}") = "test", "test", "{C586AA26-E975-42BB-A236-68E78B5EB34A}"
EndProject
Project("{8BC9CEB8-8B4A-11D0-8D11-00A0C91BC942}") = "OpcUaStackClient_Test", "OpcUaStackClient_Test\OpcUaStackClient_Test.vcxproj", "{5656B250-5427-4B96-82F1-CED188B24775}"
	ProjectSection(ProjectDependencies) = postProject
		{87C59DD2-63A7-4481-8D8F-ACAD1B55B523} = {87C59DD2-63A7-4481-8D8F-ACAD1B55B523}
		{1CC3F1FC-87CE-4A76-B80B-315A6C2EA394} = {1CC3F1FC-87CE-4A76-B80B-315A6C2EA394}
	EndProjectSection
EndProject
Project("{8BC9CEB8-8B4A-11D0-8D11-00A0C91BC942}") = "OpcUaStackServer_Test", "OpcUaStackServer_Test\OpcUaStackServer_Test.vcxproj", "{2BAB6857-457C-4933-99B5-3900AFD9BC1E}"
	ProjectSection(ProjectDependencies) = postProject
		{87C59DD2-63A7-4481-8D8F-ACAD1B55B523} = {87C59DD2-63A7-4481-8D8F-ACAD1B55B523}
		{C857FCD8-A591-4100-9F3C-2D4B9A8D2F4D} = {C857FCD8-A591-4100-9F3C-2D4B9A8D2F4D}
	EndProjectSection
EndProject
Project("{8BC9CEB8-8B4A-11D0-8D11-00A0C91BC942}") = "OpcUaStackClientServer_Test", "OpcUaStackClientServer_Test\OpcUaStackClientServer_Test.vcxproj", "{6B07565E-D5E9-4D1C-B759-A5A90729C823}"
	ProjectSection(ProjectDependencies) = postProject
		{87C59DD2-63A7-4481-8D8F-ACAD1B55B523} = {87C59DD2-63A7-4481-8D8F-ACAD1B55B523}
		{C857FCD8-A591-4100-9F3C-2D4B9A8D2F4D} = {C857FCD8-A591-4100-9F3C-2D4B9A8D2F4D}
		{1CC3F1FC-87CE-4A76-B80B-315A6C2EA394} = {1CC3F1FC-87CE-4A76-B80B-315A6C2EA394}
	EndProjectSection
EndProject
Global
	GlobalSection(SolutionConfigurationPlatforms) = preSolution
		Debug|Win32 = Debug|Win32
		Release|Win32 = Release|Win32
	EndGlobalSection
	GlobalSection(ProjectConfigurationPlatforms) = postSolution
		{F79E2F99-1E22-4449-BEC1-7CAD7B1F6EB0}.Debug|Win32.ActiveCfg = Debug|Win32
		{F79E2F99-1E22-4449-BEC1-7CAD7B1F6EB0}.Debug|Win32.Build.0 = Debug|Win32
		{F79E2F99-1E22-4449-BEC1-7CAD7B1F6EB0}.Release|Win32.ActiveCfg = Release|Win32
		{F79E2F99-1E22-4449-BEC1-7CAD7B1F6EB0}.Release|Win32.Build.0 = Release|Win32
		{87C59DD2-63A7-4481-8D8F-ACAD1B55B523}.Debug|Win32.ActiveCfg = Debug|Win32
		{87C59DD2-63A7-4481-8D8F-ACAD1B55B523}.Debug|Win32.Build.0 = Debug|Win32
		{87C59DD2-63A7-4481-8D8F-ACAD1B55B523}.Release|Win32.ActiveCfg = Release|Win32
		{87C59DD2-63A7-4481-8D8F-ACAD1B55B523}.Release|Win32.Build.0 = Release|Win32
		{1CC3F1FC-87CE-4A76-B80B-315A6C2EA394}.Debug|Win32.ActiveCfg = Debug|Win32
		{1CC3F1FC-87CE-4A76-B80B-315A6C2EA394}.Debug|Win32.Build.0 = Debug|Win32
		{1CC3F1FC-87CE-4A76-B80B-315A6C2EA394}.Release|Win32.ActiveCfg = Release|Win32
		{1CC3F1FC-87CE-4A76-B80B-315A6C2EA394}.Release|Win32.Build.0 = Release|Win32
		{C857FCD8-A591-4100-9F3C-2D4B9A8D2F4D}.Debug|Win32.ActiveCfg = Debug|Win32
		{C857FCD8-A591-4100-9F3C-2D4B9A8D2F4D}.Debug|Win32.Build.0 = Debug|Win32
		{C857FCD8-A591-4100-9F3C-2D4B9A8D2F4D}.Release|Win32.ActiveCfg = Release|Win32
		{C857FCD8-A591-4100-9F3C-2D4B9A8D2F4D}.Release|Win32.Build.0 = Release|Win32
		{5656B250-5427-4B96-82F1-CED188B24775}.Debug|Win32.ActiveCfg = Debug|Win32
		{5656B250-5427-4B96-82F1-CED188B24775}.Debug|Win32.Build.0 = Debug|Win32
		{5656B250-5427-4B96-82F1-CED188B24775}.Release|Win32.ActiveCfg = Release|Win32
		{5656B250-5427-4B96-82F1-CED188B24775}.Release|Win32.Build.0 = Release|Win32
		{2BAB6857-457C-4933-99B5-3900AFD9BC1E}.Debug|Win32.ActiveCfg = Debug|Win32
		{2BAB6857-457C-4933-99B5-3900AFD9BC1E}.Debug|Win32.Build.0 = Debug|Win32
		{2BAB6857-457C-4933-99B5-3900AFD9BC1E}.Release|Win32.ActiveCfg = Release|Win32
		{2BAB6857-457C-4933-99B5-3900AFD9BC1E}.Release|Win32.Build.0 = Release|Win32
		{6B07565E-D5E9-4D1C-B759-A5A90729C823}.Debug|Win32.ActiveCfg = Debug|Win32
		{6B07565E-D5E9-4D1C-B759-A5A90729C823}.Debug|Win32.Build.0 = Debug|Win32
		{6B07565E-D5E9-4D1C-B759-A5A90729C823}.Release|Win32.ActiveCfg = Release|Win32
		{6B07565E-D5E9-4D1C-B759-A5A90729C823}.Release|Win32.Build.0 = Release|Win32
	EndGlobalSection
	GlobalSection(SolutionProperties) = preSolution
		HideSolutionNode = FALSE
	EndGlobalSection
	GlobalSection(NestedProjects) = preSolution
		{F79E2F99-1E22-4449-BEC1-7CAD7B1F6EB0} = {C586AA26-E975-42BB-A236-68E78B5EB34A}
		{5656B250-5427-4B96-82F1-CED188B24775} = {C586AA26-E975-42BB-A236-68E78B5EB34A}
		{2BAB6857-457C-4933-99B5-3900AFD9BC1E} = {C586AA26-E975-42BB-A236-68E78B5EB34A}
		{6B07565E-D5E9-4D1C-B759-A5A90729C823} = {C586AA26-E975-42BB-A236-68E78B5EB34A}
		{1CC3F1FC-87CE-4A76-B80B-315A6C2EA394} = {21747091-4ED0-4433-A98E-D858D24BD822}
		{C857FCD8-A591-4100-9F3C-2D4B9A8D2F4D} = {21747091-4ED0-4433-A98E-D858D24BD822}
		{87C59DD2-63A7-4481-8D8F-ACAD1B55B523} = {21747091-4ED0-4433-A98E-D858D24BD822}
	EndGlobalSection
EndGlobal
