<?xml version="1.0" encoding="utf-8"?>
<Project ToolsVersion="4.0" xmlns="http://schemas.microsoft.com/developer/msbuild/2003">
  <ItemGroup>
    <Filter Include="Unittest">
      <UniqueIdentifier>{613fe2b8-6156-4e64-9eac-a86cb7cc8462}</UniqueIdentifier>
    </Filter>
    <Filter Include="Unittest\SecureChannel">
      <UniqueIdentifier>{0fec6678-5bd0-4eeb-a45a-b4c803d5ab42}</UniqueIdentifier>
    </Filter>
    <Filter Include="Unittest\ServiceSet">
      <UniqueIdentifier>{99f63b4c-d288-4e61-b2e0-945599310b13}</UniqueIdentifier>
    </Filter>
    <Filter Include="Unittest\ServiceSet\SessionServiceSet">
      <UniqueIdentifier>{9d827859-ba2f-4181-93f0-a90b1e8b36c7}</UniqueIdentifier>
    </Filter>
  </ItemGroup>
  <ItemGroup>
    <ClCompile Include="..\..\tst\OpcUaStackClient\SecureChannel\SecureChannelClient_t.cpp">
      <Filter>Unittest\SecureChannel</Filter>
    </ClCompile>
    <ClCompile Include="..\..\tst\unittest.cpp">
      <Filter>Unittest</Filter>
    </ClCompile>
    <ClCompile Include="..\..\tst\OpcUaStackClient\ServiceSet\Session_t.cpp">
      <Filter>Unittest\ServiceSet\SessionServiceSet</Filter>
    </ClCompile>
  </ItemGroup>
</Project>