<?xml version="1.0" encoding="utf-8"?>
<Project ToolsVersion="4.0" xmlns="http://schemas.microsoft.com/developer/msbuild/2003">
  <ItemGroup>
    <ClCompile Include="..\..\tst\OpcUaStackCore\BuildInTypes\OpcUaNodeId_t.cpp">
      <Filter>unittest\BuildInTypes</Filter>
    </ClCompile>
    <ClCompile Include="..\..\tst\OpcUaStackCore\BuildInTypes\BuildInTypes_t.cpp">
      <Filter>unittest\BuildInTypes</Filter>
    </ClCompile>
    <ClCompile Include="..\..\tst\unittest.cpp">
      <Filter>unittest</Filter>
    </ClCompile>
    <ClCompile Include="..\..\tst\OpcUaStackCore\BuildInTypes\OpcUaNumber_t.cpp">
      <Filter>unittest\BuildInTypes</Filter>
    </ClCompile>
    <ClCompile Include="..\..\tst\OpcUaStackCore\BuildInTypes\OpcUaString_t.cpp">
      <Filter>unittest\BuildInTypes</Filter>
    </ClCompile>
    <ClCompile Include="..\..\tst\OpcUaStackCore\BuildInTypes\OpcUaGuid_t.cpp">
      <Filter>unittest\BuildInTypes</Filter>
    </ClCompile>
    <ClCompile Include="..\..\tst\OpcUaStackCore\BuildInTypes\OpcUaByteString_t.cpp">
      <Filter>unittest\BuildInTypes</Filter>
    </ClCompile>
    <ClCompile Include="..\..\tst\OpcUaStackCore\BuildInTypes\OpcUaXmlElement_t.cpp">
      <Filter>unittest\BuildInTypes</Filter>
    </ClCompile>
    <ClCompile Include="..\..\tst\OpcUaStackCore\BuildInTypes\OpcUaExpandedNodeId_t.cpp">
      <Filter>unittest\BuildInTypes</Filter>
    </ClCompile>
    <ClCompile Include="..\..\tst\OpcUaStackCore\BuildInTypes\OpcUaQualifiedName_t.cpp">
      <Filter>unittest\BuildInTypes</Filter>
    </ClCompile>
    <ClCompile Include="..\..\tst\OpcUaStackCore\BuildInTypes\OpcUaLocalizedText_t.cpp">
      <Filter>unittest\BuildInTypes</Filter>
    </ClCompile>
    <ClCompile Include="..\..\tst\OpcUaStackCore\BuildInTypes\OpcUaExtensionObject_t.cpp">
      <Filter>unittest\BuildInTypes</Filter>
    </ClCompile>
    <ClCompile Include="..\..\tst\OpcUaStackCore\BuildInTypes\OpcUaDateTime_t.cpp">
      <Filter>unittest\BuildInTypes</Filter>
    </ClCompile>
    <ClCompile Include="..\..\tst\OpcUaStackCore\BuildInTypes\OpcUaVariant_t.cpp">
      <Filter>unittest\BuildInTypes</Filter>
    </ClCompile>
    <ClCompile Include="..\..\tst\OpcUaStackCore\BuildInTypes\OpcUaStatusCode_t.cpp">
      <Filter>unittest\BuildInTypes</Filter>
    </ClCompile>
    <ClCompile Include="..\..\tst\OpcUaStackCore\BuildInTypes\OpcUaDataValue_t.cpp">
      <Filter>unittest\BuildInTypes</Filter>
    </ClCompile>
    <ClCompile Include="..\..\tst\OpcUaStackCore\BuildInTypes\OpcUaArray_t.cpp">
      <Filter>unittest\BuildInTypes</Filter>
    </ClCompile>
    <ClCompile Include="..\..\tst\OpcUaStackCore\TCPChannel\TCPChannel_t.cpp">
      <Filter>unittest\TCPChannel</Filter>
    </ClCompile>
    <ClCompile Include="..\..\tst\OpcUaStackCore\Base\IOService_t.cpp">
      <Filter>unittest\Base</Filter>
    </ClCompile>
    <ClCompile Include="..\..\tst\OpcUaStackCore\TCPChannel\TCPAcceptor_t.cpp">
      <Filter>unittest\TCPChannel</Filter>
    </ClCompile>
    <ClCompile Include="..\..\tst\OpcUaStackCore\TCPChannel\TCPConnector_t.cpp">
      <Filter>unittest\TCPChannel</Filter>
    </ClCompile>
    <ClCompile Include="..\..\tst\OpcUaStackCore\SecureChannel\HelloMessage_t.cpp">
      <Filter>unittest\SecureChannel</Filter>
    </ClCompile>
    <ClCompile Include="..\..\tst\OpcUaStackCore\SecureChannel\AcknowledgeMessage_t.cpp">
      <Filter>unittest\SecureChannel</Filter>
    </ClCompile>
    <ClCompile Include="..\..\tst\OpcUaStackCore\SecureChannel\OpenSecureChannel_t.cpp">
      <Filter>unittest\SecureChannel</Filter>
    </ClCompile>
    <ClCompile Include="..\..\tst\OpcUaStackCore\SecureChannel\RequestHeader_t.cpp">
      <Filter>unittest\SecureChannel</Filter>
    </ClCompile>
    <ClCompile Include="..\..\tst\OpcUaStackCore\SecureChannel\ResponseHeader_t.cpp">
      <Filter>unittest\SecureChannel</Filter>
    </ClCompile>
    <ClCompile Include="..\..\tst\OpcUaStackCore\ServiceSet\CreateSession_t.cpp">
      <Filter>unittest\ServiceSet\SessionServiceSet</Filter>
    </ClCompile>
    <ClCompile Include="..\..\tst\OpcUaStackCore\ServiceSet\EndpointDescription_t.cpp">
      <Filter>unittest\ServiceSet\Common</Filter>
    </ClCompile>
    <ClCompile Include="..\..\tst\OpcUaStackCore\ServiceSet\UserTokenPolicy_t.cpp">
      <Filter>unittest\ServiceSet\Common</Filter>
    </ClCompile>
    <ClCompile Include="..\..\tst\OpcUaStackCore\ServiceSet\ApplicationDescription_t.cpp">
      <Filter>unittest\ServiceSet\Common</Filter>
    </ClCompile>
    <ClCompile Include="..\..\tst\OpcUaStackCore\ServiceSet\ActivateSession_t.cpp">
      <Filter>unittest\ServiceSet\SessionServiceSet</Filter>
    </ClCompile>
    <ClCompile Include="..\..\tst\OpcUaStackCore\ServiceSet\ExtensibleParameter_t.cpp">
      <Filter>unittest\ServiceSet\Common</Filter>
    </ClCompile>
    <ClCompile Include="..\..\tst\OpcUaStackCore\ServiceSet\Read_t.cpp">
      <Filter>unittest\ServiceSet\AttributeServiceSet</Filter>
    </ClCompile>
    <ClCompile Include="..\..\tst\OpcUaStackCore\ServiceSet\CreateSubscription_t.cpp">
      <Filter>unittest\ServiceSet\SubscriptionServiceSet</Filter>
    </ClCompile>
    <ClCompile Include="..\..\tst\OpcUaStackCore\ServiceSet\DeleteSubscription_t.cpp">
      <Filter>unittest\ServiceSet\SubscriptionServiceSet</Filter>
    </ClCompile>
    <ClCompile Include="..\..\tst\OpcUaStackCore\ServiceSet\SubscriptionAcknowledgement_t.cpp">
      <Filter>unittest\ServiceSet\Common</Filter>
    </ClCompile>
    <ClCompile Include="..\..\tst\OpcUaStackCore\ServiceSet\Publish_t.cpp">
      <Filter>unittest\ServiceSet\SubscriptionServiceSet</Filter>
    </ClCompile>
    <ClCompile Include="..\..\tst\OpcUaStackCore\ServiceSet\CloseSession_t.cpp">
      <Filter>unittest\ServiceSet\SessionServiceSet</Filter>
    </ClCompile>
    <ClCompile Include="..\..\tst\OpcUaStackCore\ServiceSet\Cancel_t.cpp">
      <Filter>unittest\ServiceSet\SessionServiceSet</Filter>
    </ClCompile>
    <ClCompile Include="..\..\tst\OpcUaStackCore\SecureChannel\CloseSecureChannel_t.cpp">
      <Filter>unittest\SecureChannel</Filter>
    </ClCompile>
    <ClCompile Include="..\..\tst\OpcUaStackCore\Base\Log_t.cpp">
      <Filter>unittest\Base</Filter>
    </ClCompile>
    <ClCompile Include="..\..\tst\OpcUaStackCore\Base\Config_t.cpp">
      <Filter>unittest\Base</Filter>
    </ClCompile>
    <ClCompile Include="..\..\tst\OpcUaStackCore\ServiceSet\NotfificationMessage_t.cpp">
      <Filter>unittest\ServiceSet\SubscriptionServiceSet</Filter>
    </ClCompile>
    <ClCompile Include="..\..\tst\OpcUaStackCore\ServiceSet\ModifySubscription_t.cpp">
      <Filter>unittest\ServiceSet\SubscriptionServiceSet</Filter>
    </ClCompile>
    <ClCompile Include="..\..\tst\OpcUaStackCore\ServiceSet\SetPublishingMode_t.cpp">
      <Filter>unittest\ServiceSet\SubscriptionServiceSet</Filter>
    </ClCompile>
    <ClCompile Include="..\..\tst\OpcUaStackCore\ServiceSet\Republish_t.cpp">
      <Filter>unittest\ServiceSet\SubscriptionServiceSet</Filter>
    </ClCompile>
    <ClCompile Include="..\..\tst\OpcUaStackCore\ServiceSet\TransferSubscriptions_t.cpp">
      <Filter>unittest\ServiceSet\SubscriptionServiceSet</Filter>
    </ClCompile>
    <ClCompile Include="..\..\tst\OpcUaStackCore\ServiceSet\CallMethod_t.cpp">
      <Filter>unittest\ServiceSet\MethodServiceSet</Filter>
    </ClCompile>
    <ClCompile Include="..\..\tst\OpcUaStackCore\ServiceSet\Call_t.cpp">
      <Filter>unittest\ServiceSet\MethodServiceSet</Filter>
    </ClCompile>
    <ClCompile Include="..\..\tst\OpcUaStackCore\ServiceSet\Operand_t.cpp">
      <Filter>unittest\ServiceSet\Common</Filter>
    </ClCompile>
    <ClCompile Include="..\..\tst\OpcUaStackCore\ServiceSet\Filter_t.cpp">
      <Filter>unittest\ServiceSet\Common</Filter>
    </ClCompile>
    <ClCompile Include="..\..\tst\OpcUaStackCore\ServiceSet\CreateMonitoredItems_t.cpp">
      <Filter>unittest\ServiceSet\MonitoredItemServiceSet</Filter>
    </ClCompile>
    <ClCompile Include="..\..\tst\OpcUaStackCore\ServiceSet\ReadValueId_t.cpp">
      <Filter>unittest\ServiceSet\Common</Filter>
    </ClCompile>
    <ClCompile Include="..\..\tst\OpcUaStackCore\ServiceSet\WriteValue_t.cpp">
      <Filter>unittest\ServiceSet\Common</Filter>
    </ClCompile>
    <ClCompile Include="..\..\tst\OpcUaStackCore\ServiceSet\Write_t.cpp">
      <Filter>unittest\ServiceSet\AttributeServiceSet</Filter>
    </ClCompile>
    <ClCompile Include="..\..\tst\OpcUaStackCore\ServiceSet\ModifyMonitoredItems_t.cpp">
      <Filter>unittest\ServiceSet\MonitoredItemServiceSet</Filter>
    </ClCompile>
    <ClCompile Include="..\..\tst\OpcUaStackCore\ServiceSet\DeleteMonitoredItems_t.cpp">
      <Filter>unittest\ServiceSet\MonitoredItemServiceSet</Filter>
    </ClCompile>
    <ClCompile Include="..\..\tst\OpcUaStackCore\ServiceSet\SetTriggering_t.cpp">
      <Filter>unittest\ServiceSet\MonitoredItemServiceSet</Filter>
    </ClCompile>
    <ClCompile Include="..\..\tst\OpcUaStackCore\ServiceSet\SetMonitoringMode_t.cpp">
      <Filter>unittest\ServiceSet\MonitoredItemServiceSet</Filter>
    </ClCompile>
    <ClCompile Include="..\..\tst\OpcUaStackCore\ServiceSet\AddNodes_t.cpp">
      <Filter>unittest\ServiceSet\NodeManagementServiceSet</Filter>
    </ClCompile>
    <ClCompile Include="..\..\tst\OpcUaStackCore\Base\Url_t.cpp">
      <Filter>unittest\Base</Filter>
    </ClCompile>
    <ClCompile Include="..\..\tst\OpcUaStackCore\ServiceSet\FindServers_t.cpp">
      <Filter>unittest\ServiceSet\DiscoveryServiceSet</Filter>
    </ClCompile>
    <ClCompile Include="..\..\tst\OpcUaStackCore\ServiceSet\GetEndpoints_t.cpp">
      <Filter>unittest\ServiceSet\DiscoveryServiceSet</Filter>
    </ClCompile>
    <ClCompile Include="..\..\tst\OpcUaStackCore\ServiceSet\RegisterServer_t.cpp">
      <Filter>unittest\ServiceSet\DiscoveryServiceSet</Filter>
    </ClCompile>
    <ClCompile Include="..\..\tst\OpcUaStackCore\ServiceSet\HistoryReadDetails_t.cpp">
      <Filter>unittest\ServiceSet\HistoryAccessServices</Filter>
    </ClCompile>
    <ClCompile Include="..\..\tst\OpcUaStackCore\ServiceSet\HistoryData_t.cpp">
      <Filter>unittest\ServiceSet\HistoryAccessServices</Filter>
    </ClCompile>
    <ClCompile Include="..\..\tst\OpcUaStackCore\ServiceSet\HistoryUpdateDetails_t.cpp">
      <Filter>unittest\ServiceSet\HistoryAccessServices</Filter>
    </ClCompile>
    <ClCompile Include="..\..\tst\OpcUaStackCore\ServiceSet\HistoryUpdate_t.cpp">
      <Filter>unittest\ServiceSet\AttributeServiceSet</Filter>
    </ClCompile>
    <ClCompile Include="..\..\tst\OpcUaStackCore\ServiceSet\HistoryRead_t.cpp">
      <Filter>unittest\ServiceSet\AttributeServiceSet</Filter>
    </ClCompile>
    <ClCompile Include="..\..\tst\OpcUaStackCore\ServiceSet\Browse_t.cpp">
      <Filter>unittest\ServiceSet\ViewServiceSet</Filter>
    </ClCompile>
    <ClCompile Include="..\..\tst\OpcUaStackCore\ServiceSet\BrowseNext_t.cpp">
      <Filter>unittest\ServiceSet\ViewServiceSet</Filter>
    </ClCompile>
    <ClCompile Include="..\..\tst\OpcUaStackCore\ServiceSet\TranslateBrowsePathsToNodeIds_t.cpp">
      <Filter>unittest\ServiceSet\ViewServiceSet</Filter>
    </ClCompile>
    <ClCompile Include="..\..\tst\OpcUaStackCore\ServiceSet\RegisterNodes_t.cpp">
      <Filter>unittest\ServiceSet\ViewServiceSet</Filter>
    </ClCompile>
    <ClCompile Include="..\..\tst\OpcUaStackCore\ServiceSet\UnregisterNodes_t.cpp">
      <Filter>unittest\ServiceSet\ViewServiceSet</Filter>
    </ClCompile>
    <ClCompile Include="..\..\tst\OpcUaStackCore\ServiceSet\QueryFirst_t.cpp">
      <Filter>unittest\ServiceSet\QueryServiceSet</Filter>
    </ClCompile>
    <ClCompile Include="..\..\tst\OpcUaStackCore\ServiceSet\QueryNext.cpp">
      <Filter>unittest\ServiceSet\QueryServiceSet</Filter>
    </ClCompile>
    <ClCompile Include="..\..\tst\OpcUaStackCore\Base\Callback_t.cpp">
      <Filter>unittest\Base</Filter>
    </ClCompile>
    <ClCompile Include="..\..\tst\OpcUaStackCore\Utility\Timer_t.cpp">
      <Filter>unittest\Utility</Filter>
    </ClCompile>
    <ClCompile Include="..\..\tst\OpcUaStackCore\ServiceSet\QueryNext.cpp">
      <Filter>unittest\ServiceSet\QueryServiceSet</Filter>
    </ClCompile>
    <ClCompile Include="..\..\tst\OpcUaStackCore\Base\Url_t.cpp">
      <Filter>unittest\Base</Filter>
    </ClCompile>
    <ClCompile Include="..\..\tst\OpcUaStackCore\Utility\PendingQueue_t.cpp">
      <Filter>unittest\Utility</Filter>
    </ClCompile>
    <ClCompile Include="..\..\tst\OpcUaStackCore\ServiceSet\AddReferences_t.cpp">
      <Filter>unittest\ServiceSet\NodeManagementServiceSet</Filter>
    </ClCompile>
    <ClCompile Include="..\..\tst\OpcUaStackCore\ServiceSet\DeleteNodes_t.cpp">
      <Filter>unittest\ServiceSet\NodeManagementServiceSet</Filter>
    </ClCompile>
    <ClCompile Include="..\..\tst\OpcUaStackCore\ServiceSet\DeleteReferences_t.cpp">
      <Filter>unittest\ServiceSet\NodeManagementServiceSet</Filter>
    </ClCompile>
    <ClCompile Include="..\..\tst\OpcUaStackCore\BuildInTypes\OpcUaVariantValue_t.cpp">
      <Filter>unittest\BuildInTypes</Filter>
    </ClCompile>
  </ItemGroup>
  <ItemGroup>
    <Filter Include="unittest">
      <UniqueIdentifier>{d37bc34a-24da-487c-9ea8-0e61aacb6fe7}</UniqueIdentifier>
    </Filter>
    <Filter Include="unittest\BuildInTypes">
      <UniqueIdentifier>{7f5fd84a-a7fe-411a-8eba-0fd2023b057b}</UniqueIdentifier>
    </Filter>
    <Filter Include="unittest\TCPChannel">
      <UniqueIdentifier>{ccd531c3-ff3a-4a42-9af9-d045420e78dd}</UniqueIdentifier>
    </Filter>
    <Filter Include="unittest\SecureChannel">
      <UniqueIdentifier>{a2b0481d-4944-4cbc-9ee5-c0d5f81362b0}</UniqueIdentifier>
    </Filter>
    <Filter Include="unittest\Base">
      <UniqueIdentifier>{aba8f335-b796-47c3-99ab-c5bcc3b051bf}</UniqueIdentifier>
    </Filter>
    <Filter Include="unittest\ServiceSet">
      <UniqueIdentifier>{960a8bad-8b38-4e21-9ae4-8ad71dcb0709}</UniqueIdentifier>
    </Filter>
    <Filter Include="unittest\ServiceSet\Common">
      <UniqueIdentifier>{d5d2bfe6-bd08-43da-85f1-00f207ed0575}</UniqueIdentifier>
    </Filter>
    <Filter Include="unittest\ServiceSet\SessionServiceSet">
      <UniqueIdentifier>{23fc6cbf-a8ab-4976-9151-b82e36829510}</UniqueIdentifier>
    </Filter>
    <Filter Include="unittest\ServiceSet\AttributeServiceSet">
      <UniqueIdentifier>{3d62f9b5-d58a-4f21-a12c-5d30337fe8d5}</UniqueIdentifier>
    </Filter>
    <Filter Include="unittest\ServiceSet\SubscriptionServiceSet">
      <UniqueIdentifier>{e4b79712-69b7-4232-8c67-22b7e64c25cc}</UniqueIdentifier>
    </Filter>
    <Filter Include="unittest\ServiceSet\MethodServiceSet">
      <UniqueIdentifier>{e1292169-6855-4f20-909c-7ca492d23d02}</UniqueIdentifier>
    </Filter>
    <Filter Include="unittest\ServiceSet\MonitoredItemServiceSet">
      <UniqueIdentifier>{766410b2-b5a4-4cd9-bbed-9593b7af891d}</UniqueIdentifier>
    </Filter>
    <Filter Include="unittest\ServiceSet\NodeManagementServiceSet">
      <UniqueIdentifier>{d364070e-fc5f-479b-b899-95ab9dce5a28}</UniqueIdentifier>
    </Filter>
    <Filter Include="unittest\ServiceSet\DiscoveryServiceSet">
      <UniqueIdentifier>{90e5e5e1-24d2-425f-a7e9-8f8069b22bb1}</UniqueIdentifier>
    </Filter>
    <Filter Include="unittest\ServiceSet\HistoryAccessServices">
      <UniqueIdentifier>{4d4fdf09-2d85-45a6-bb09-3541223d03cd}</UniqueIdentifier>
    </Filter>
    <Filter Include="unittest\ServiceSet\QueryServiceSet">
      <UniqueIdentifier>{196bff9d-7ebc-4d44-aa03-4efd6366367c}</UniqueIdentifier>
    </Filter>
    <Filter Include="unittest\ServiceSet\ViewServiceSet">
      <UniqueIdentifier>{e44f3a1a-4808-44bf-b28d-0ca0b5baa36c}</UniqueIdentifier>
    </Filter>
    <Filter Include="unittest\Utility">
      <UniqueIdentifier>{30d46de6-2cbe-4867-b8ff-5ea306126cc0}</UniqueIdentifier>
    </Filter>
  </ItemGroup>
  <ItemGroup>
    <ClInclude Include="..\..\tst\os.h">
      <Filter>unittest</Filter>
    </ClInclude>
    <ClInclude Include="..\..\tst\unittest.h">
      <Filter>unittest</Filter>
    </ClInclude>
  </ItemGroup>
</Project>