<?xml version="1.0" encoding="utf-8"?>
<Project ToolsVersion="4.0" xmlns="http://schemas.microsoft.com/developer/msbuild/2003">
  <ItemGroup>
    <Filter Include="Ressourcendateien">
      <UniqueIdentifier>{67DA6AB6-F800-4c08-8B7A-83BB121AAD01}</UniqueIdentifier>
      <Extensions>rc;ico;cur;bmp;dlg;rc2;rct;bin;rgs;gif;jpg;jpeg;jpe;resx;tiff;tif;png;wav;mfcribbon-ms</Extensions>
    </Filter>
    <Filter Include="sc">
      <UniqueIdentifier>{72f66d32-3614-4ef6-88d0-38841a400f68}</UniqueIdentifier>
    </Filter>
    <Filter Include="sc\Base">
      <UniqueIdentifier>{10d69ae7-1fa4-4f24-8c67-4d1eab59651f}</UniqueIdentifier>
    </Filter>
    <Filter Include="sc\BuildInTypes">
      <UniqueIdentifier>{0ec550f5-51db-4f91-8477-0453e364cf6e}</UniqueIdentifier>
    </Filter>
    <Filter Include="dll">
      <UniqueIdentifier>{43a3b7e2-8d30-4c03-adbe-343ae410ba70}</UniqueIdentifier>
    </Filter>
    <Filter Include="sc\SecureChannel">
      <UniqueIdentifier>{397db13f-f15b-4ba9-8ed3-540351dca1e1}</UniqueIdentifier>
    </Filter>
    <Filter Include="sc\TCPChannel">
      <UniqueIdentifier>{0b91a7a9-118a-4bfe-a67e-8194a5d3608a}</UniqueIdentifier>
    </Filter>
  </ItemGroup>
  <ItemGroup>
    <Text Include="ReadMe.txt" />
  </ItemGroup>
  <ItemGroup>
    <ClInclude Include="..\..\inc\OpcUaStackCore\Base\Object.h">
      <Filter>sc\Base</Filter>
    </ClInclude>
    <ClInclude Include="..\..\inc\OpcUaStackCore\Base\ObjectPool.h">
      <Filter>sc\Base</Filter>
    </ClInclude>
    <ClInclude Include="..\..\inc\OpcUaStackCore\BuildInTypes\BuildInTypes.h">
      <Filter>sc\BuildInTypes</Filter>
    </ClInclude>
    <ClInclude Include="..\..\inc\OpcUaStackCore\BuildInTypes\OpcUaByteString.h">
      <Filter>sc\BuildInTypes</Filter>
    </ClInclude>
    <ClInclude Include="..\..\inc\OpcUaStackCore\BuildInTypes\OpcUaDateTime.h">
      <Filter>sc\BuildInTypes</Filter>
    </ClInclude>
    <ClInclude Include="..\..\inc\OpcUaStackCore\BuildInTypes\OpcUaExpandedNodeId.h">
      <Filter>sc\BuildInTypes</Filter>
    </ClInclude>
    <ClInclude Include="..\..\inc\OpcUaStackCore\BuildInTypes\OpcUaExtensionObject.h">
      <Filter>sc\BuildInTypes</Filter>
    </ClInclude>
    <ClInclude Include="..\..\inc\OpcUaStackCore\BuildInTypes\OpcUaGuid.h">
      <Filter>sc\BuildInTypes</Filter>
    </ClInclude>
    <ClInclude Include="..\..\inc\OpcUaStackCore\BuildInTypes\OpcUaLocalizedText.h">
      <Filter>sc\BuildInTypes</Filter>
    </ClInclude>
    <ClInclude Include="..\..\inc\OpcUaStackCore\BuildInTypes\OpcUaNodeId.h">
      <Filter>sc\BuildInTypes</Filter>
    </ClInclude>
    <ClInclude Include="..\..\inc\OpcUaStackCore\BuildInTypes\OpcUaNodeIdBase.h">
      <Filter>sc\BuildInTypes</Filter>
    </ClInclude>
    <ClInclude Include="..\..\inc\OpcUaStackCore\BuildInTypes\OpcUaNumber.h">
      <Filter>sc\BuildInTypes</Filter>
    </ClInclude>
    <ClInclude Include="..\..\inc\OpcUaStackCore\BuildInTypes\OpcUaQualifiedName.h">
      <Filter>sc\BuildInTypes</Filter>
    </ClInclude>
    <ClInclude Include="..\..\inc\OpcUaStackCore\BuildInTypes\OpcUaStatusCode.h">
      <Filter>sc\BuildInTypes</Filter>
    </ClInclude>
    <ClInclude Include="..\..\inc\OpcUaStackCore\BuildInTypes\OpcUaString.h">
      <Filter>sc\BuildInTypes</Filter>
    </ClInclude>
    <ClInclude Include="..\..\inc\OpcUaStackCore\BuildInTypes\OpcUaType.h">
      <Filter>sc\BuildInTypes</Filter>
    </ClInclude>
    <ClInclude Include="..\..\inc\OpcUaStackCore\BuildInTypes\OpcUaVariant.h">
      <Filter>sc\BuildInTypes</Filter>
    </ClInclude>
    <ClInclude Include="..\..\inc\OpcUaStackCore\BuildInTypes\OpcUaXmlElement.h">
      <Filter>sc\BuildInTypes</Filter>
    </ClInclude>
    <ClInclude Include="..\..\inc\OpcUaStackCore\BuildInTypes\OpcUaDataValue.h">
      <Filter>sc\BuildInTypes</Filter>
    </ClInclude>
    <ClInclude Include="..\..\inc\OpcUaStackCore\BuildInTypes\OpcUaDiagnosticInfo.h">
      <Filter>sc\BuildInTypes</Filter>
    </ClInclude>
    <ClInclude Include="..\..\inc\OpcUaStackCore\Base\os.h">
      <Filter>sc\Base</Filter>
    </ClInclude>
    <ClInclude Include="stdafx.h">
      <Filter>dll</Filter>
    </ClInclude>
    <ClInclude Include="targetver.h">
      <Filter>dll</Filter>
    </ClInclude>
    <ClInclude Include="..\..\inc\OpcUaStackCore\Base\Utility.h">
      <Filter>sc\Base</Filter>
    </ClInclude>
    <ClInclude Include="..\..\inc\OpcUaStackCore\SecureChannel\MessageHeader.h">
      <Filter>sc\SecureChannel</Filter>
    </ClInclude>
    <ClInclude Include="..\..\inc\OpcUaStackCore\SecureChannel\HelloMessage.h">
      <Filter>sc\SecureChannel</Filter>
    </ClInclude>
    <ClInclude Include="..\..\inc\OpcUaStackCore\SecureChannel\AcknowledgeMessage.h">
      <Filter>sc\SecureChannel</Filter>
    </ClInclude>
    <ClInclude Include="..\..\inc\OpcUaStackCore\SecureChannel\MessageDefaults.h">
      <Filter>sc\SecureChannel</Filter>
    </ClInclude>
    <ClInclude Include="..\..\inc\OpcUaStackCore\SecureChannel\ErrorMessage.h">
      <Filter>sc\SecureChannel</Filter>
    </ClInclude>
    <ClInclude Include="..\..\inc\OpcUaStackCore\SecureChannel\SecurityHeader.h">
      <Filter>sc\SecureChannel</Filter>
    </ClInclude>
    <ClInclude Include="..\..\inc\OpcUaStackCore\SecureChannel\SequenceHeader.h">
      <Filter>sc\SecureChannel</Filter>
    </ClInclude>
    <ClInclude Include="..\..\inc\OpcUaStackCore\SecureChannel\OpenSecureChannelRequest.h">
      <Filter>sc\SecureChannel</Filter>
    </ClInclude>
    <ClInclude Include="..\..\inc\OpcUaStackCore\SecureChannel\OpenSecureChannelResponse.h">
      <Filter>sc\SecureChannel</Filter>
    </ClInclude>
    <ClInclude Include="..\..\inc\OpcUaStackCore\SecureChannel\RequestHeader.h">
      <Filter>sc\SecureChannel</Filter>
    </ClInclude>
    <ClInclude Include="..\..\inc\OpcUaStackCore\SecureChannel\ResponseHeader.h">
      <Filter>sc\SecureChannel</Filter>
    </ClInclude>
    <ClInclude Include="..\..\inc\OpcUaStackCore\BuildInTypes\OpcUaArray.h">
      <Filter>sc\BuildInTypes</Filter>
    </ClInclude>
    <ClInclude Include="..\..\inc\OpcUaStackCore\SecureChannel\SecurityToken.h">
      <Filter>sc\SecureChannel</Filter>
    </ClInclude>
    <ClInclude Include="..\..\inc\OpcUaStackCore\SecureChannel\CloseSecureChannelRequest.h">
      <Filter>sc\SecureChannel</Filter>
    </ClInclude>
    <ClInclude Include="..\..\inc\OpcUaStackCore\SecureChannel\CloseSecureChannelResponse.h">
      <Filter>sc\SecureChannel</Filter>
    </ClInclude>
    <ClInclude Include="..\..\inc\OpcUaStackCore\TCPChannel\TCPAcceptor.h">
      <Filter>sc\TCPChannel</Filter>
    </ClInclude>
    <ClInclude Include="..\..\inc\OpcUaStackCore\TCPChannel\TCPConnection.h">
      <Filter>sc\TCPChannel</Filter>
    </ClInclude>
    <ClInclude Include="..\..\inc\OpcUaStackCore\TCPChannel\TCPConnector.h">
      <Filter>sc\TCPChannel</Filter>
    </ClInclude>
    <ClInclude Include="..\..\inc\OpcUaStackCore\Base\IOService.h">
      <Filter>sc\Base</Filter>
    </ClInclude>
    <ClInclude Include="..\..\inc\OpcUaStackCore\Base\Condition.h">
      <Filter>sc\Base</Filter>
    </ClInclude>
  </ItemGroup>
  <ItemGroup>
    <ClCompile Include="..\..\src\OpcUaStackCore\BuildInTypes\BuildInTypes.cpp">
      <Filter>sc\BuildInTypes</Filter>
    </ClCompile>
    <ClCompile Include="..\..\src\OpcUaStackCore\BuildInTypes\OpcUaByteString.cpp">
      <Filter>sc\BuildInTypes</Filter>
    </ClCompile>
    <ClCompile Include="..\..\src\OpcUaStackCore\BuildInTypes\OpcUaDateTime.cpp">
      <Filter>sc\BuildInTypes</Filter>
    </ClCompile>
    <ClCompile Include="..\..\src\OpcUaStackCore\BuildInTypes\OpcUaExpandedNodeId.cpp">
      <Filter>sc\BuildInTypes</Filter>
    </ClCompile>
    <ClCompile Include="..\..\src\OpcUaStackCore\BuildInTypes\OpcUaExtensionObject.cpp">
      <Filter>sc\BuildInTypes</Filter>
    </ClCompile>
    <ClCompile Include="..\..\src\OpcUaStackCore\BuildInTypes\OpcUaGuid.cpp">
      <Filter>sc\BuildInTypes</Filter>
    </ClCompile>
    <ClCompile Include="..\..\src\OpcUaStackCore\BuildInTypes\OpcUaLocalizedText.cpp">
      <Filter>sc\BuildInTypes</Filter>
    </ClCompile>
    <ClCompile Include="..\..\src\OpcUaStackCore\BuildInTypes\OpcUaNodeId.cpp">
      <Filter>sc\BuildInTypes</Filter>
    </ClCompile>
    <ClCompile Include="..\..\src\OpcUaStackCore\BuildInTypes\OpcUaNodeIdBase.cpp">
      <Filter>sc\BuildInTypes</Filter>
    </ClCompile>
    <ClCompile Include="..\..\src\OpcUaStackCore\BuildInTypes\OpcUaNumber.cpp">
      <Filter>sc\BuildInTypes</Filter>
    </ClCompile>
    <ClCompile Include="..\..\src\OpcUaStackCore\BuildInTypes\OpcUaQualifiedName.cpp">
      <Filter>sc\BuildInTypes</Filter>
    </ClCompile>
    <ClCompile Include="..\..\src\OpcUaStackCore\BuildInTypes\OpcUaStatusCode.cpp">
      <Filter>sc\BuildInTypes</Filter>
    </ClCompile>
    <ClCompile Include="..\..\src\OpcUaStackCore\BuildInTypes\OpcUaString.cpp">
      <Filter>sc\BuildInTypes</Filter>
    </ClCompile>
    <ClCompile Include="..\..\src\OpcUaStackCore\BuildInTypes\OpcUaVariant.cpp">
      <Filter>sc\BuildInTypes</Filter>
    </ClCompile>
    <ClCompile Include="..\..\src\OpcUaStackCore\BuildInTypes\OpcUaXmlElement.cpp">
      <Filter>sc\BuildInTypes</Filter>
    </ClCompile>
    <ClCompile Include="..\..\src\OpcUaStackCore\BuildInTypes\OpcUaDataValue.cpp">
      <Filter>sc\BuildInTypes</Filter>
    </ClCompile>
    <ClCompile Include="..\..\src\OpcUaStackCore\BuildInTypes\OpcUaDiagnosticInfo.cpp">
      <Filter>sc\BuildInTypes</Filter>
    </ClCompile>
    <ClCompile Include="dllmain.cpp">
      <Filter>dll</Filter>
    </ClCompile>
    <ClCompile Include="OpcUaStackCore_dll.cpp">
      <Filter>dll</Filter>
    </ClCompile>
    <ClCompile Include="stdafx.cpp">
      <Filter>dll</Filter>
    </ClCompile>
    <ClCompile Include="..\..\src\OpcUaStackCore\Base\Utility.cpp">
      <Filter>sc\Base</Filter>
    </ClCompile>
    <ClCompile Include="..\..\src\OpcUaStackCore\SecureChannel\MessageHeader.cpp">
      <Filter>sc\SecureChannel</Filter>
    </ClCompile>
    <ClCompile Include="..\..\src\OpcUaStackCore\SecureChannel\HelloMessage.cpp">
      <Filter>sc\SecureChannel</Filter>
    </ClCompile>
    <ClCompile Include="..\..\src\OpcUaStackCore\SecureChannel\AcknowledgeMessage.cpp">
      <Filter>sc\SecureChannel</Filter>
    </ClCompile>
    <ClCompile Include="..\..\src\OpcUaStackCore\SecureChannel\MessageDefaults.cpp">
      <Filter>sc\SecureChannel</Filter>
    </ClCompile>
    <ClCompile Include="..\..\src\OpcUaStackCore\SecureChannel\ErrorMessage.cpp">
      <Filter>sc\SecureChannel</Filter>
    </ClCompile>
    <ClCompile Include="..\..\src\OpcUaStackCore\SecureChannel\SecurityHeader.cpp">
      <Filter>sc\SecureChannel</Filter>
    </ClCompile>
    <ClCompile Include="..\..\src\OpcUaStackCore\SecureChannel\SequenceHeader.cpp">
      <Filter>sc\SecureChannel</Filter>
    </ClCompile>
    <ClCompile Include="..\..\src\OpcUaStackCore\SecureChannel\OpenSecureChannelRequest.cpp">
      <Filter>sc\SecureChannel</Filter>
    </ClCompile>
    <ClCompile Include="..\..\src\OpcUaStackCore\SecureChannel\OpenSecureChannelResponse.cpp">
      <Filter>sc\SecureChannel</Filter>
    </ClCompile>
    <ClCompile Include="..\..\src\OpcUaStackCore\SecureChannel\RequestHeader.cpp">
      <Filter>sc\SecureChannel</Filter>
    </ClCompile>
    <ClCompile Include="..\..\src\OpcUaStackCore\SecureChannel\ResponseHeader.cpp">
      <Filter>sc\SecureChannel</Filter>
    </ClCompile>
    <ClCompile Include="..\..\src\OpcUaStackCore\BuildInTypes\OpcUaArray.cpp">
      <Filter>sc\BuildInTypes</Filter>
    </ClCompile>
    <ClCompile Include="..\..\src\OpcUaStackCore\SecureChannel\SecurityToken.cpp">
      <Filter>sc\SecureChannel</Filter>
    </ClCompile>
    <ClCompile Include="..\..\src\OpcUaStackCore\SecureChannel\CloseSecureChannelRequest.cpp">
      <Filter>sc\SecureChannel</Filter>
    </ClCompile>
    <ClCompile Include="..\..\src\OpcUaStackCore\SecureChannel\CloseSecureChannelResponse.cpp">
      <Filter>sc\SecureChannel</Filter>
    </ClCompile>
    <ClCompile Include="..\..\src\OpcUaStackCore\TCPChannel\TCPAcceptor.cpp">
      <Filter>sc\TCPChannel</Filter>
    </ClCompile>
    <ClCompile Include="..\..\src\OpcUaStackCore\TCPChannel\TCPConnection.cpp">
      <Filter>sc\TCPChannel</Filter>
    </ClCompile>
    <ClCompile Include="..\..\src\OpcUaStackCore\TCPChannel\TCPConnector.cpp">
      <Filter>sc\TCPChannel</Filter>
    </ClCompile>
    <ClCompile Include="..\..\src\OpcUaStackCore\Base\IOService.cpp">
      <Filter>sc\Base</Filter>
    </ClCompile>
    <ClCompile Include="..\..\src\OpcUaStackCore\Base\Condition.cpp">
      <Filter>sc\Base</Filter>
    </ClCompile>
  </ItemGroup>
</Project>