<?xml version="1.0" encoding="utf-8"?>
<Project ToolsVersion="4.0" xmlns="http://schemas.microsoft.com/developer/msbuild/2003">
  <ItemGroup>
    <Filter Include="dll">
      <UniqueIdentifier>{43a3b7e2-8d30-4c03-adbe-343ae410ba70}</UniqueIdentifier>
    </Filter>
    <Filter Include="src">
      <UniqueIdentifier>{72f66d32-3614-4ef6-88d0-38841a400f68}</UniqueIdentifier>
    </Filter>
    <Filter Include="src\Base">
      <UniqueIdentifier>{10d69ae7-1fa4-4f24-8c67-4d1eab59651f}</UniqueIdentifier>
    </Filter>
    <Filter Include="src\BuildInTypes">
      <UniqueIdentifier>{0ec550f5-51db-4f91-8477-0453e364cf6e}</UniqueIdentifier>
    </Filter>
    <Filter Include="src\SecureChannel">
      <UniqueIdentifier>{397db13f-f15b-4ba9-8ed3-540351dca1e1}</UniqueIdentifier>
    </Filter>
    <Filter Include="src\TCPChannel">
      <UniqueIdentifier>{0b91a7a9-118a-4bfe-a67e-8194a5d3608a}</UniqueIdentifier>
    </Filter>
    <Filter Include="src\ServiceSet">
      <UniqueIdentifier>{77e2aa62-4826-4453-a421-b828c982de93}</UniqueIdentifier>
    </Filter>
    <Filter Include="src\ServiceSet\SessionServiceSet">
      <UniqueIdentifier>{b12aff8c-e869-4bfb-bfc9-f63a1a125aa8}</UniqueIdentifier>
    </Filter>
    <Filter Include="src\ServiceSet\NodeManagementServiceSet">
      <UniqueIdentifier>{de9100e5-36d4-4e62-92e6-b01761d6da5b}</UniqueIdentifier>
    </Filter>
    <Filter Include="src\ServiceSet\ViewServiceSet">
      <UniqueIdentifier>{26d8dacb-6f56-4290-a6ce-fa517a65f555}</UniqueIdentifier>
    </Filter>
    <Filter Include="src\ServiceSet\QueryServiceSet">
      <UniqueIdentifier>{743cc34d-056e-456e-a080-b576eb4242d5}</UniqueIdentifier>
    </Filter>
    <Filter Include="src\ServiceSet\AttributeServiceSet">
      <UniqueIdentifier>{86a84e31-9d75-4d5c-99d6-e585c52a6ace}</UniqueIdentifier>
    </Filter>
    <Filter Include="src\ServiceSet\MethodServiceSet">
      <UniqueIdentifier>{db8fbaf8-6acd-43bd-9c42-d2d5fe557d9b}</UniqueIdentifier>
    </Filter>
    <Filter Include="src\ServiceSet\MonitoredItemServiceSet">
      <UniqueIdentifier>{d6169e48-bb73-4a09-9e2d-c488cee71109}</UniqueIdentifier>
    </Filter>
    <Filter Include="src\ServiceSet\SubscriptionServiceSet">
      <UniqueIdentifier>{1ab11d0e-2128-424c-807c-c0f52a3dc574}</UniqueIdentifier>
    </Filter>
    <Filter Include="src\ServiceSet\Common">
      <UniqueIdentifier>{071d92a3-eca9-45b9-a64e-a85bb96a2cd3}</UniqueIdentifier>
    </Filter>
    <Filter Include="src\ServiceSet\DiscoveryServiceSet">
      <UniqueIdentifier>{9634c459-fcd1-4910-8ffd-d2ce6e8c113a}</UniqueIdentifier>
    </Filter>
    <Filter Include="src\Utility">
      <UniqueIdentifier>{6337ed5c-c7fd-422f-9262-f68bf882a0ae}</UniqueIdentifier>
    </Filter>
    <Filter Include="src\ServiceSet\HistoryAccessServiceSet">
      <UniqueIdentifier>{14618791-859c-4ecc-a741-601433f461f6}</UniqueIdentifier>
    </Filter>
  </ItemGroup>
  <ItemGroup>
    <ClInclude Include="..\..\inc\OpcUaStackCore\Base\Object.h">
      <Filter>src\Base</Filter>
    </ClInclude>
    <ClInclude Include="..\..\inc\OpcUaStackCore\Base\ObjectPool.h">
      <Filter>src\Base</Filter>
    </ClInclude>
    <ClInclude Include="..\..\inc\OpcUaStackCore\BuildInTypes\BuildInTypes.h">
      <Filter>src\BuildInTypes</Filter>
    </ClInclude>
    <ClInclude Include="..\..\inc\OpcUaStackCore\BuildInTypes\OpcUaByteString.h">
      <Filter>src\BuildInTypes</Filter>
    </ClInclude>
    <ClInclude Include="..\..\inc\OpcUaStackCore\BuildInTypes\OpcUaDateTime.h">
      <Filter>src\BuildInTypes</Filter>
    </ClInclude>
    <ClInclude Include="..\..\inc\OpcUaStackCore\BuildInTypes\OpcUaExpandedNodeId.h">
      <Filter>src\BuildInTypes</Filter>
    </ClInclude>
    <ClInclude Include="..\..\inc\OpcUaStackCore\BuildInTypes\OpcUaExtensionObject.h">
      <Filter>src\BuildInTypes</Filter>
    </ClInclude>
    <ClInclude Include="..\..\inc\OpcUaStackCore\BuildInTypes\OpcUaGuid.h">
      <Filter>src\BuildInTypes</Filter>
    </ClInclude>
    <ClInclude Include="..\..\inc\OpcUaStackCore\BuildInTypes\OpcUaLocalizedText.h">
      <Filter>src\BuildInTypes</Filter>
    </ClInclude>
    <ClInclude Include="..\..\inc\OpcUaStackCore\BuildInTypes\OpcUaNodeId.h">
      <Filter>src\BuildInTypes</Filter>
    </ClInclude>
    <ClInclude Include="..\..\inc\OpcUaStackCore\BuildInTypes\OpcUaNodeIdBase.h">
      <Filter>src\BuildInTypes</Filter>
    </ClInclude>
    <ClInclude Include="..\..\inc\OpcUaStackCore\BuildInTypes\OpcUaNumber.h">
      <Filter>src\BuildInTypes</Filter>
    </ClInclude>
    <ClInclude Include="..\..\inc\OpcUaStackCore\BuildInTypes\OpcUaQualifiedName.h">
      <Filter>src\BuildInTypes</Filter>
    </ClInclude>
    <ClInclude Include="..\..\inc\OpcUaStackCore\BuildInTypes\OpcUaStatusCode.h">
      <Filter>src\BuildInTypes</Filter>
    </ClInclude>
    <ClInclude Include="..\..\inc\OpcUaStackCore\BuildInTypes\OpcUaString.h">
      <Filter>src\BuildInTypes</Filter>
    </ClInclude>
    <ClInclude Include="..\..\inc\OpcUaStackCore\BuildInTypes\OpcUaType.h">
      <Filter>src\BuildInTypes</Filter>
    </ClInclude>
    <ClInclude Include="..\..\inc\OpcUaStackCore\BuildInTypes\OpcUaVariant.h">
      <Filter>src\BuildInTypes</Filter>
    </ClInclude>
    <ClInclude Include="..\..\inc\OpcUaStackCore\BuildInTypes\OpcUaXmlElement.h">
      <Filter>src\BuildInTypes</Filter>
    </ClInclude>
    <ClInclude Include="..\..\inc\OpcUaStackCore\BuildInTypes\OpcUaDataValue.h">
      <Filter>src\BuildInTypes</Filter>
    </ClInclude>
    <ClInclude Include="..\..\inc\OpcUaStackCore\BuildInTypes\OpcUaDiagnosticInfo.h">
      <Filter>src\BuildInTypes</Filter>
    </ClInclude>
    <ClInclude Include="..\..\inc\OpcUaStackCore\Base\os.h">
      <Filter>src\Base</Filter>
    </ClInclude>
    <ClInclude Include="stdafx.h">
      <Filter>dll</Filter>
    </ClInclude>
    <ClInclude Include="targetver.h">
      <Filter>dll</Filter>
    </ClInclude>
    <ClInclude Include="..\..\inc\OpcUaStackCore\Base\Utility.h">
      <Filter>src\Base</Filter>
    </ClInclude>
    <ClInclude Include="..\..\inc\OpcUaStackCore\SecureChannel\MessageHeader.h">
      <Filter>src\SecureChannel</Filter>
    </ClInclude>
    <ClInclude Include="..\..\inc\OpcUaStackCore\SecureChannel\HelloMessage.h">
      <Filter>src\SecureChannel</Filter>
    </ClInclude>
    <ClInclude Include="..\..\inc\OpcUaStackCore\SecureChannel\AcknowledgeMessage.h">
      <Filter>src\SecureChannel</Filter>
    </ClInclude>
    <ClInclude Include="..\..\inc\OpcUaStackCore\SecureChannel\MessageDefaults.h">
      <Filter>src\SecureChannel</Filter>
    </ClInclude>
    <ClInclude Include="..\..\inc\OpcUaStackCore\SecureChannel\ErrorMessage.h">
      <Filter>src\SecureChannel</Filter>
    </ClInclude>
    <ClInclude Include="..\..\inc\OpcUaStackCore\SecureChannel\SecurityHeader.h">
      <Filter>src\SecureChannel</Filter>
    </ClInclude>
    <ClInclude Include="..\..\inc\OpcUaStackCore\SecureChannel\SequenceHeader.h">
      <Filter>src\SecureChannel</Filter>
    </ClInclude>
    <ClInclude Include="..\..\inc\OpcUaStackCore\SecureChannel\OpenSecureChannelRequest.h">
      <Filter>src\SecureChannel</Filter>
    </ClInclude>
    <ClInclude Include="..\..\inc\OpcUaStackCore\SecureChannel\OpenSecureChannelResponse.h">
      <Filter>src\SecureChannel</Filter>
    </ClInclude>
    <ClInclude Include="..\..\inc\OpcUaStackCore\SecureChannel\RequestHeader.h">
      <Filter>src\SecureChannel</Filter>
    </ClInclude>
    <ClInclude Include="..\..\inc\OpcUaStackCore\SecureChannel\ResponseHeader.h">
      <Filter>src\SecureChannel</Filter>
    </ClInclude>
    <ClInclude Include="..\..\inc\OpcUaStackCore\BuildInTypes\OpcUaArray.h">
      <Filter>src\BuildInTypes</Filter>
    </ClInclude>
    <ClInclude Include="..\..\inc\OpcUaStackCore\SecureChannel\SecurityToken.h">
      <Filter>src\SecureChannel</Filter>
    </ClInclude>
    <ClInclude Include="..\..\inc\OpcUaStackCore\TCPChannel\TCPAcceptor.h">
      <Filter>src\TCPChannel</Filter>
    </ClInclude>
    <ClInclude Include="..\..\inc\OpcUaStackCore\TCPChannel\TCPConnection.h">
      <Filter>src\TCPChannel</Filter>
    </ClInclude>
    <ClInclude Include="..\..\inc\OpcUaStackCore\TCPChannel\TCPConnector.h">
      <Filter>src\TCPChannel</Filter>
    </ClInclude>
    <ClInclude Include="..\..\inc\OpcUaStackCore\Base\IOService.h">
      <Filter>src\Base</Filter>
    </ClInclude>
    <ClInclude Include="..\..\inc\OpcUaStackCore\Base\Condition.h">
      <Filter>src\Base</Filter>
    </ClInclude>
    <ClInclude Include="..\..\inc\OpcUaStackCore\TCPChannel\TCPTestHandler.h">
      <Filter>src\TCPChannel</Filter>
    </ClInclude>
    <ClInclude Include="..\..\inc\OpcUaStackCore\SecureChannel\ApplicationInstanceCertificate.h">
      <Filter>src\SecureChannel</Filter>
    </ClInclude>
    <ClInclude Include="..\..\inc\OpcUaStackCore\SecureChannel\SessionAuthenticationToken.h">
      <Filter>src\SecureChannel</Filter>
    </ClInclude>
    <ClInclude Include="..\..\inc\OpcUaStackCore\SecureChannel\CloseSecureChannelRequest.h">
      <Filter>src\SecureChannel</Filter>
    </ClInclude>
    <ClInclude Include="..\..\inc\OpcUaStackCore\SecureChannel\CloseSecureChannelResponse.h">
      <Filter>src\SecureChannel</Filter>
    </ClInclude>
    <ClInclude Include="..\..\inc\OpcUaStackCore\BuildInTypes\ByteOrder.h">
      <Filter>src\BuildInTypes</Filter>
    </ClInclude>
    <ClInclude Include="..\..\inc\OpcUaStackCore\ServiceSet\ActivateSessionRequest.h">
      <Filter>src\ServiceSet\SessionServiceSet</Filter>
    </ClInclude>
    <ClInclude Include="..\..\inc\OpcUaStackCore\ServiceSet\ActivateSessionResponse.h">
      <Filter>src\ServiceSet\SessionServiceSet</Filter>
    </ClInclude>
    <ClInclude Include="..\..\inc\OpcUaStackCore\ServiceSet\CreateSessionRequest.h">
      <Filter>src\ServiceSet\SessionServiceSet</Filter>
    </ClInclude>
    <ClInclude Include="..\..\inc\OpcUaStackCore\ServiceSet\CreateSessionResponse.h">
      <Filter>src\ServiceSet\SessionServiceSet</Filter>
    </ClInclude>
    <ClInclude Include="..\..\inc\OpcUaStackCore\ServiceSet\CancelRequest.h">
      <Filter>src\ServiceSet\SessionServiceSet</Filter>
    </ClInclude>
    <ClInclude Include="..\..\inc\OpcUaStackCore\ServiceSet\CancelResponse.h">
      <Filter>src\ServiceSet\SessionServiceSet</Filter>
    </ClInclude>
    <ClInclude Include="..\..\inc\OpcUaStackCore\ServiceSet\CloseSessionRequest.h">
      <Filter>src\ServiceSet\SessionServiceSet</Filter>
    </ClInclude>
    <ClInclude Include="..\..\inc\OpcUaStackCore\ServiceSet\CloseSessionResponse.h">
      <Filter>src\ServiceSet\SessionServiceSet</Filter>
    </ClInclude>
    <ClInclude Include="..\..\inc\OpcUaStackCore\ServiceSet\ApplicationDescription.h">
      <Filter>src\ServiceSet\Common</Filter>
    </ClInclude>
    <ClInclude Include="..\..\inc\OpcUaStackCore\ServiceSet\EndpointDescription.h">
      <Filter>src\ServiceSet\Common</Filter>
    </ClInclude>
    <ClInclude Include="..\..\inc\OpcUaStackCore\ServiceSet\SignatureData.h">
      <Filter>src\ServiceSet\Common</Filter>
    </ClInclude>
    <ClInclude Include="..\..\inc\OpcUaStackCore\ServiceSet\SignedSoftwareCertificate.h">
      <Filter>src\ServiceSet\Common</Filter>
    </ClInclude>
    <ClInclude Include="..\..\inc\OpcUaStackCore\ServiceSet\UserIdentityToken.h">
      <Filter>src\ServiceSet\Common</Filter>
    </ClInclude>
    <ClInclude Include="..\..\inc\OpcUaStackCore\ServiceSet\UserTokenPolicy.h">
      <Filter>src\ServiceSet\Common</Filter>
    </ClInclude>
    <ClInclude Include="..\..\inc\OpcUaStackCore\ServiceSet\ExtensibleParameter.h">
      <Filter>src\ServiceSet\Common</Filter>
    </ClInclude>
    <ClInclude Include="..\..\inc\OpcUaStackCore\ServiceSet\ExtensibleParameterBase.h">
      <Filter>src\ServiceSet\Common</Filter>
    </ClInclude>
    <ClInclude Include="..\..\inc\OpcUaStackCore\ServiceSet\AnonymousIdentityToken.h">
      <Filter>src\ServiceSet\Common</Filter>
    </ClInclude>
    <ClInclude Include="..\..\inc\OpcUaStackCore\ServiceSet\UserNameIdentityToken.h">
      <Filter>src\ServiceSet\Common</Filter>
    </ClInclude>
    <ClInclude Include="..\..\inc\OpcUaStackCore\ServiceSet\ReadRequest.h">
      <Filter>src\ServiceSet\AttributeServiceSet</Filter>
    </ClInclude>
    <ClInclude Include="..\..\inc\OpcUaStackCore\ServiceSet\ReadResponse.h">
      <Filter>src\ServiceSet\AttributeServiceSet</Filter>
    </ClInclude>
    <ClInclude Include="..\..\inc\OpcUaStackCore\ServiceSet\WriteResponse.h">
      <Filter>src\ServiceSet\AttributeServiceSet</Filter>
    </ClInclude>
    <ClInclude Include="..\..\inc\OpcUaStackCore\ServiceSet\WriteRequest.h">
      <Filter>src\ServiceSet\AttributeServiceSet</Filter>
    </ClInclude>
    <ClInclude Include="..\..\inc\OpcUaStackCore\ServiceSet\CreateSubscriptionRequest.h">
      <Filter>src\ServiceSet\SubscriptionServiceSet</Filter>
    </ClInclude>
    <ClInclude Include="..\..\inc\OpcUaStackCore\ServiceSet\CreateSubscriptionResponse.h">
      <Filter>src\ServiceSet\SubscriptionServiceSet</Filter>
    </ClInclude>
    <ClInclude Include="..\..\inc\OpcUaStackCore\ServiceSet\SubscriptionAcknowledgement.h">
      <Filter>src\ServiceSet\Common</Filter>
    </ClInclude>
    <ClInclude Include="..\..\inc\OpcUaStackCore\ServiceSet\PublishRequest.h">
      <Filter>src\ServiceSet\SubscriptionServiceSet</Filter>
    </ClInclude>
    <ClInclude Include="..\..\inc\OpcUaStackCore\ServiceSet\PublishResponse.h">
      <Filter>src\ServiceSet\SubscriptionServiceSet</Filter>
    </ClInclude>
    <ClInclude Include="..\..\inc\OpcUaStackCore\ServiceSet\NotificationMessage.h">
      <Filter>src\ServiceSet\SubscriptionServiceSet</Filter>
    </ClInclude>
    <ClInclude Include="..\..\inc\OpcUaStackCore\ServiceSet\DataChangeNotification.h">
      <Filter>src\ServiceSet\SubscriptionServiceSet</Filter>
    </ClInclude>
    <ClInclude Include="..\..\inc\OpcUaStackCore\ServiceSet\MonitoredItemNotification.h">
      <Filter>src\ServiceSet\SubscriptionServiceSet</Filter>
    </ClInclude>
    <ClInclude Include="..\..\inc\OpcUaStackCore\ServiceSet\StatusChangeNotification.h">
      <Filter>src\ServiceSet\SubscriptionServiceSet</Filter>
    </ClInclude>
    <ClInclude Include="..\..\inc\OpcUaStackCore\SecureChannel\SecureChannel.h">
      <Filter>src\SecureChannel</Filter>
    </ClInclude>
    <ClInclude Include="..\..\inc\OpcUaStackCore\Base\Log.h">
      <Filter>src\Base</Filter>
    </ClInclude>
    <ClInclude Include="..\..\inc\OpcUaStackCore\BuildInTypes\OpcUaIdentifier.h">
      <Filter>src\BuildInTypes</Filter>
    </ClInclude>
    <ClInclude Include="..\..\inc\OpcUaStackCore\Base\Config.h">
      <Filter>src\Base</Filter>
    </ClInclude>
    <ClInclude Include="..\..\inc\OpcUaStackCore\Base\ConfigXml.h">
      <Filter>src\Base</Filter>
    </ClInclude>
    <ClInclude Include="..\..\inc\OpcUaStackCore\ServiceSet\EventNotificationList.h">
      <Filter>src\ServiceSet\SubscriptionServiceSet</Filter>
    </ClInclude>
    <ClInclude Include="..\..\inc\OpcUaStackCore\ServiceSet\EventField.h">
      <Filter>src\ServiceSet\SubscriptionServiceSet</Filter>
    </ClInclude>
    <ClInclude Include="..\..\inc\OpcUaStackCore\ServiceSet\EventFieldList.h">
      <Filter>src\ServiceSet\SubscriptionServiceSet</Filter>
    </ClInclude>
    <ClInclude Include="..\..\inc\OpcUaStackCore\ServiceSet\ModifySubscriptionRequest.h">
      <Filter>src\ServiceSet\SubscriptionServiceSet</Filter>
    </ClInclude>
    <ClInclude Include="..\..\inc\OpcUaStackCore\ServiceSet\ModifySubscriptionResponse.h">
      <Filter>src\ServiceSet\SubscriptionServiceSet</Filter>
    </ClInclude>
    <ClInclude Include="..\..\inc\OpcUaStackCore\ServiceSet\SetPublishingModeRequest.h">
      <Filter>src\ServiceSet\SubscriptionServiceSet</Filter>
    </ClInclude>
    <ClInclude Include="..\..\inc\OpcUaStackCore\ServiceSet\SetPublishingModeResponse.h">
      <Filter>src\ServiceSet\SubscriptionServiceSet</Filter>
    </ClInclude>
    <ClInclude Include="..\..\inc\OpcUaStackCore\ServiceSet\RepublishRequest.h">
      <Filter>src\ServiceSet\SubscriptionServiceSet</Filter>
    </ClInclude>
    <ClInclude Include="..\..\inc\OpcUaStackCore\ServiceSet\RepublishResponse.h">
      <Filter>src\ServiceSet\SubscriptionServiceSet</Filter>
    </ClInclude>
    <ClInclude Include="..\..\inc\OpcUaStackCore\ServiceSet\TransferResult.h">
      <Filter>src\ServiceSet\SubscriptionServiceSet</Filter>
    </ClInclude>
    <ClInclude Include="..\..\inc\OpcUaStackCore\ServiceSet\TransferSubscriptionsRequest.h">
      <Filter>src\ServiceSet\SubscriptionServiceSet</Filter>
    </ClInclude>
    <ClInclude Include="..\..\inc\OpcUaStackCore\ServiceSet\TransferSubscriptionsResponse.h">
      <Filter>src\ServiceSet\SubscriptionServiceSet</Filter>
    </ClInclude>
    <ClInclude Include="..\..\inc\OpcUaStackCore\ServiceSet\CallRequest.h">
      <Filter>src\ServiceSet\MethodServiceSet</Filter>
    </ClInclude>
    <ClInclude Include="..\..\inc\OpcUaStackCore\ServiceSet\CallResponse.h">
      <Filter>src\ServiceSet\MethodServiceSet</Filter>
    </ClInclude>
    <ClInclude Include="..\..\inc\OpcUaStackCore\ServiceSet\CallMethodResult.h">
      <Filter>src\ServiceSet\MethodServiceSet</Filter>
    </ClInclude>
    <ClInclude Include="..\..\inc\OpcUaStackCore\ServiceSet\CallMethodRequest.h">
      <Filter>src\ServiceSet\MethodServiceSet</Filter>
    </ClInclude>
    <ClInclude Include="..\..\inc\OpcUaStackCore\ServiceSet\MonitoredItemCreateRequest.h">
      <Filter>src\ServiceSet\MonitoredItemServiceSet</Filter>
    </ClInclude>
    <ClInclude Include="..\..\inc\OpcUaStackCore\ServiceSet\MonitoredItemCreateResult.h">
      <Filter>src\ServiceSet\MonitoredItemServiceSet</Filter>
    </ClInclude>
    <ClInclude Include="..\..\inc\OpcUaStackCore\ServiceSet\MonitoredItemModifyRequest.h">
      <Filter>src\ServiceSet\MonitoredItemServiceSet</Filter>
    </ClInclude>
    <ClInclude Include="..\..\inc\OpcUaStackCore\ServiceSet\MonitoredItemModifyResult.h">
      <Filter>src\ServiceSet\MonitoredItemServiceSet</Filter>
    </ClInclude>
    <ClInclude Include="..\..\inc\OpcUaStackCore\ServiceSet\WriteValue.h">
      <Filter>src\ServiceSet\Common</Filter>
    </ClInclude>
    <ClInclude Include="..\..\inc\OpcUaStackCore\ServiceSet\ReadValueId.h">
      <Filter>src\ServiceSet\Common</Filter>
    </ClInclude>
    <ClInclude Include="..\..\inc\OpcUaStackCore\ServiceSet\ElementOperand.h">
      <Filter>src\ServiceSet\Common</Filter>
    </ClInclude>
    <ClInclude Include="..\..\inc\OpcUaStackCore\ServiceSet\LiteralOperand.h">
      <Filter>src\ServiceSet\Common</Filter>
    </ClInclude>
    <ClInclude Include="..\..\inc\OpcUaStackCore\ServiceSet\AttributeOperand.h">
      <Filter>src\ServiceSet\Common</Filter>
    </ClInclude>
    <ClInclude Include="..\..\inc\OpcUaStackCore\ServiceSet\SimpleAttributeOperand.h">
      <Filter>src\ServiceSet\Common</Filter>
    </ClInclude>
    <ClInclude Include="..\..\inc\OpcUaStackCore\ServiceSet\RelativePath.h">
      <Filter>src\ServiceSet\Common</Filter>
    </ClInclude>
    <ClInclude Include="..\..\inc\OpcUaStackCore\ServiceSet\RelativePathElement.h">
      <Filter>src\ServiceSet\Common</Filter>
    </ClInclude>
    <ClInclude Include="..\..\inc\OpcUaStackCore\ServiceSet\EventFilter.h">
      <Filter>src\ServiceSet\Common</Filter>
    </ClInclude>
    <ClInclude Include="..\..\inc\OpcUaStackCore\ServiceSet\ContentFilter.h">
      <Filter>src\ServiceSet\Common</Filter>
    </ClInclude>
    <ClInclude Include="..\..\inc\OpcUaStackCore\ServiceSet\ContentFilterElement.h">
      <Filter>src\ServiceSet\Common</Filter>
    </ClInclude>
    <ClInclude Include="..\..\inc\OpcUaStackCore\ServiceSet\DataChangeFilter.h">
      <Filter>src\ServiceSet\Common</Filter>
    </ClInclude>
    <ClInclude Include="..\..\inc\OpcUaStackCore\ServiceSet\MonitoringParameters.h">
      <Filter>src\ServiceSet\MonitoredItemServiceSet</Filter>
    </ClInclude>
    <ClInclude Include="..\..\inc\OpcUaStackCore\ServiceSet\CreateMonitoredItemsRequest.h">
      <Filter>src\ServiceSet\MonitoredItemServiceSet</Filter>
    </ClInclude>
    <ClInclude Include="..\..\inc\OpcUaStackCore\ServiceSet\ContentFilterElementResult.h">
      <Filter>src\ServiceSet\Common</Filter>
    </ClInclude>
    <ClInclude Include="..\..\inc\OpcUaStackCore\ServiceSet\ContentFilterResult.h">
      <Filter>src\ServiceSet\Common</Filter>
    </ClInclude>
    <ClInclude Include="..\..\inc\OpcUaStackCore\ServiceSet\EventFilterResult.h">
      <Filter>src\ServiceSet\Common</Filter>
    </ClInclude>
    <ClInclude Include="..\..\inc\OpcUaStackCore\ServiceSet\AggregateFilterResult.h">
      <Filter>src\ServiceSet\Common</Filter>
    </ClInclude>
    <ClInclude Include="..\..\inc\OpcUaStackCore\ServiceSet\CreateMonitoredItemsResponse.h">
      <Filter>src\ServiceSet\MonitoredItemServiceSet</Filter>
    </ClInclude>
    <ClInclude Include="..\..\inc\OpcUaStackCore\ServiceSet\ModifyMonitoredItemsRequest.h">
      <Filter>src\ServiceSet\MonitoredItemServiceSet</Filter>
    </ClInclude>
    <ClInclude Include="..\..\inc\OpcUaStackCore\ServiceSet\ModifyMonitoredItemsResponse.h">
      <Filter>src\ServiceSet\MonitoredItemServiceSet</Filter>
    </ClInclude>
    <ClInclude Include="..\..\inc\OpcUaStackCore\ServiceSet\SetTriggeringRequest.h">
      <Filter>src\ServiceSet\MonitoredItemServiceSet</Filter>
    </ClInclude>
    <ClInclude Include="..\..\inc\OpcUaStackCore\ServiceSet\SetMonitoringModeRequest.h">
      <Filter>src\ServiceSet\MonitoredItemServiceSet</Filter>
    </ClInclude>
    <ClInclude Include="..\..\inc\OpcUaStackCore\ServiceSet\DeleteMonitoredItemsRequest.h">
      <Filter>src\ServiceSet\MonitoredItemServiceSet</Filter>
    </ClInclude>
    <ClInclude Include="..\..\inc\OpcUaStackCore\ServiceSet\DeleteMonitoredItemsResponse.h">
      <Filter>src\ServiceSet\MonitoredItemServiceSet</Filter>
    </ClInclude>
    <ClInclude Include="..\..\inc\OpcUaStackCore\ServiceSet\SetMonitoringModeResponse.h">
      <Filter>src\ServiceSet\MonitoredItemServiceSet</Filter>
    </ClInclude>
    <ClInclude Include="..\..\inc\OpcUaStackCore\ServiceSet\SetTriggeringResponse.h">
      <Filter>src\ServiceSet\MonitoredItemServiceSet</Filter>
    </ClInclude>
    <ClInclude Include="..\..\inc\OpcUaStackCore\ServiceSet\AddNodesItem.h">
      <Filter>src\ServiceSet\NodeManagementServiceSet</Filter>
    </ClInclude>
    <ClInclude Include="..\..\inc\OpcUaStackCore\ServiceSet\AttributesDescription.h">
      <Filter>src\ServiceSet\NodeManagementServiceSet</Filter>
    </ClInclude>
    <ClInclude Include="..\..\inc\OpcUaStackCore\ServiceSet\DataTypeAttributes.h">
      <Filter>src\ServiceSet\NodeManagementServiceSet</Filter>
    </ClInclude>
    <ClInclude Include="..\..\inc\OpcUaStackCore\ServiceSet\MethodAttributes.h">
      <Filter>src\ServiceSet\NodeManagementServiceSet</Filter>
    </ClInclude>
    <ClInclude Include="..\..\inc\OpcUaStackCore\ServiceSet\NodeClass.h">
      <Filter>src\ServiceSet\NodeManagementServiceSet</Filter>
    </ClInclude>
    <ClInclude Include="..\..\inc\OpcUaStackCore\ServiceSet\VariableAttributes.h">
      <Filter>src\ServiceSet\NodeManagementServiceSet</Filter>
    </ClInclude>
    <ClInclude Include="..\..\inc\OpcUaStackCore\ServiceSet\VariableTypeAttributes.h">
      <Filter>src\ServiceSet\NodeManagementServiceSet</Filter>
    </ClInclude>
    <ClInclude Include="..\..\inc\OpcUaStackCore\ServiceSet\ViewAttributes.h">
      <Filter>src\ServiceSet\NodeManagementServiceSet</Filter>
    </ClInclude>
    <ClInclude Include="..\..\inc\OpcUaStackCore\ServiceSet\ReferenceTypeAttributes.h">
      <Filter>src\ServiceSet\NodeManagementServiceSet</Filter>
    </ClInclude>
    <ClInclude Include="..\..\inc\OpcUaStackCore\ServiceSet\AddNodesRequest.h">
      <Filter>src\ServiceSet\NodeManagementServiceSet</Filter>
    </ClInclude>
    <ClInclude Include="..\..\inc\OpcUaStackCore\ServiceSet\ObjectAttributes.h">
      <Filter>src\ServiceSet\NodeManagementServiceSet</Filter>
    </ClInclude>
    <ClInclude Include="..\..\inc\OpcUaStackCore\ServiceSet\ObjectTypeAttributes.h">
      <Filter>src\ServiceSet\NodeManagementServiceSet</Filter>
    </ClInclude>
    <ClInclude Include="..\..\inc\OpcUaStackCore\Base\Url.h">
      <Filter>src\Base</Filter>
    </ClInclude>
    <ClInclude Include="..\..\inc\OpcUaStackCore\ServiceSet\GetEndpointsRequest.h">
      <Filter>src\ServiceSet\DiscoveryServiceSet</Filter>
    </ClInclude>
    <ClInclude Include="..\..\inc\OpcUaStackCore\ServiceSet\GetEndpointsResponse.h">
      <Filter>src\ServiceSet\DiscoveryServiceSet</Filter>
    </ClInclude>
    <ClInclude Include="..\..\inc\OpcUaStackCore\ServiceSet\FindServersRequest.h">
      <Filter>src\ServiceSet\DiscoveryServiceSet</Filter>
    </ClInclude>
    <ClInclude Include="..\..\inc\OpcUaStackCore\ServiceSet\FindServersResponse.h">
      <Filter>src\ServiceSet\DiscoveryServiceSet</Filter>
    </ClInclude>
    <ClInclude Include="..\..\inc\OpcUaStackCore\ServiceSet\RegisteredServer.h">
      <Filter>src\ServiceSet\DiscoveryServiceSet</Filter>
    </ClInclude>
    <ClInclude Include="..\..\inc\OpcUaStackCore\ServiceSet\RegisterServerRequest.h">
      <Filter>src\ServiceSet\DiscoveryServiceSet</Filter>
    </ClInclude>
    <ClInclude Include="..\..\inc\OpcUaStackCore\ServiceSet\RegisterServerResponse.h">
      <Filter>src\ServiceSet\DiscoveryServiceSet</Filter>
    </ClInclude>
    <ClInclude Include="..\..\inc\OpcUaStackCore\ServiceSet\ReadEventDetails.h">
      <Filter>src\ServiceSet\HistoryAccessServiceSet</Filter>
    </ClInclude>
    <ClInclude Include="..\..\inc\OpcUaStackCore\ServiceSet\ReadRawModifiedDetails.h">
      <Filter>src\ServiceSet\HistoryAccessServiceSet</Filter>
    </ClInclude>
    <ClInclude Include="..\..\inc\OpcUaStackCore\ServiceSet\ReadProcessedDetails.h">
      <Filter>src\ServiceSet\HistoryAccessServiceSet</Filter>
    </ClInclude>
    <ClInclude Include="..\..\inc\OpcUaStackCore\ServiceSet\ReadAtTimeDetails.h">
      <Filter>src\ServiceSet\HistoryAccessServiceSet</Filter>
    </ClInclude>
    <ClInclude Include="..\..\inc\OpcUaStackCore\ServiceSet\AggregateFilter.h">
      <Filter>src\ServiceSet\Common</Filter>
    </ClInclude>
    <ClInclude Include="..\..\inc\OpcUaStackCore\ServiceSet\AggregateConfiguration.h">
      <Filter>src\ServiceSet\Common</Filter>
    </ClInclude>
    <ClInclude Include="..\..\inc\OpcUaStackCore\ServiceSet\HistoryData.h">
      <Filter>src\ServiceSet\HistoryAccessServiceSet</Filter>
    </ClInclude>
    <ClInclude Include="..\..\inc\OpcUaStackCore\ServiceSet\HistoryModifiedData.h">
      <Filter>src\ServiceSet\HistoryAccessServiceSet</Filter>
    </ClInclude>
    <ClInclude Include="..\..\inc\OpcUaStackCore\ServiceSet\ModificationInfo.h">
      <Filter>src\ServiceSet\HistoryAccessServiceSet</Filter>
    </ClInclude>
    <ClInclude Include="..\..\inc\OpcUaStackCore\ServiceSet\HistoryEventFieldList.h">
      <Filter>src\ServiceSet\HistoryAccessServiceSet</Filter>
    </ClInclude>
    <ClInclude Include="..\..\inc\OpcUaStackCore\ServiceSet\HistoryEvent.h">
      <Filter>src\ServiceSet\HistoryAccessServiceSet</Filter>
    </ClInclude>
    <ClInclude Include="..\..\inc\OpcUaStackCore\ServiceSet\UpdateDataDetails.h">
      <Filter>src\ServiceSet\HistoryAccessServiceSet</Filter>
    </ClInclude>
    <ClInclude Include="..\..\inc\OpcUaStackCore\ServiceSet\UpdateStructureDataDetails.h">
      <Filter>src\ServiceSet\HistoryAccessServiceSet</Filter>
    </ClInclude>
    <ClInclude Include="..\..\inc\OpcUaStackCore\ServiceSet\UpdateEventDetails.h">
      <Filter>src\ServiceSet\HistoryAccessServiceSet</Filter>
    </ClInclude>
    <ClInclude Include="..\..\inc\OpcUaStackCore\ServiceSet\DeleteRawModifiedDetails.h">
      <Filter>src\ServiceSet\HistoryAccessServiceSet</Filter>
    </ClInclude>
    <ClInclude Include="..\..\inc\OpcUaStackCore\ServiceSet\DeleteAtTimeDetails.h">
      <Filter>src\ServiceSet\HistoryAccessServiceSet</Filter>
    </ClInclude>
    <ClInclude Include="..\..\inc\OpcUaStackCore\ServiceSet\DeleteEventDetails.h">
      <Filter>src\ServiceSet\HistoryAccessServiceSet</Filter>
    </ClInclude>
    <ClInclude Include="..\..\inc\OpcUaStackCore\ServiceSet\PerformUpdateEnumeration.h">
      <Filter>src\ServiceSet\HistoryAccessServiceSet</Filter>
    </ClInclude>
    <ClInclude Include="..\..\inc\OpcUaStackCore\ServiceSet\HistoryReadResult.h">
      <Filter>src\ServiceSet\Common</Filter>
    </ClInclude>
    <ClInclude Include="..\..\inc\OpcUaStackCore\ServiceSet\HistoryReadValueId.h">
      <Filter>src\ServiceSet\Common</Filter>
    </ClInclude>
    <ClInclude Include="..\..\inc\OpcUaStackCore\ServiceSet\HistoryReadRequest.h">
      <Filter>src\ServiceSet\AttributeServiceSet</Filter>
    </ClInclude>
    <ClInclude Include="..\..\inc\OpcUaStackCore\ServiceSet\HistoryReadResponse.h">
      <Filter>src\ServiceSet\AttributeServiceSet</Filter>
    </ClInclude>
    <ClInclude Include="..\..\inc\OpcUaStackCore\ServiceSet\HistoryUpdateResult.h">
      <Filter>src\ServiceSet\Common</Filter>
    </ClInclude>
    <ClInclude Include="..\..\inc\OpcUaStackCore\ServiceSet\HistoryUpdateRequest.h">
      <Filter>src\ServiceSet\AttributeServiceSet</Filter>
    </ClInclude>
    <ClInclude Include="..\..\inc\OpcUaStackCore\ServiceSet\HistoryUpdateResponse.h">
      <Filter>src\ServiceSet\AttributeServiceSet</Filter>
    </ClInclude>
    <ClInclude Include="..\..\inc\OpcUaStackCore\ServiceSet\BrowseDescription.h">
      <Filter>src\ServiceSet\ViewServiceSet</Filter>
    </ClInclude>
    <ClInclude Include="..\..\inc\OpcUaStackCore\ServiceSet\ReferenceDescription.h">
      <Filter>src\ServiceSet\ViewServiceSet</Filter>
    </ClInclude>
    <ClInclude Include="..\..\inc\OpcUaStackCore\ServiceSet\BrowseResult.h">
      <Filter>src\ServiceSet\ViewServiceSet</Filter>
    </ClInclude>
    <ClInclude Include="..\..\inc\OpcUaStackCore\ServiceSet\BrowseRequest.h">
      <Filter>src\ServiceSet\ViewServiceSet</Filter>
    </ClInclude>
    <ClInclude Include="..\..\inc\OpcUaStackCore\ServiceSet\BrowseResponse.h">
      <Filter>src\ServiceSet\ViewServiceSet</Filter>
    </ClInclude>
    <ClInclude Include="..\..\inc\OpcUaStackCore\ServiceSet\BrowseNextRequest.h">
      <Filter>src\ServiceSet\ViewServiceSet</Filter>
    </ClInclude>
    <ClInclude Include="..\..\inc\OpcUaStackCore\ServiceSet\BrowseNextResponse.h">
      <Filter>src\ServiceSet\ViewServiceSet</Filter>
    </ClInclude>
    <ClInclude Include="..\..\inc\OpcUaStackCore\ServiceSet\BrowsePath.h">
      <Filter>src\ServiceSet\ViewServiceSet</Filter>
    </ClInclude>
    <ClInclude Include="..\..\inc\OpcUaStackCore\ServiceSet\BrowsePathResult.h">
      <Filter>src\ServiceSet\ViewServiceSet</Filter>
    </ClInclude>
    <ClInclude Include="..\..\inc\OpcUaStackCore\ServiceSet\TranslateBrowsePathsToNodeIdsRequest.h">
      <Filter>src\ServiceSet\ViewServiceSet</Filter>
    </ClInclude>
    <ClInclude Include="..\..\inc\OpcUaStackCore\ServiceSet\TranslateBrowsePathsToNodeIdsResponse.h">
      <Filter>src\ServiceSet\ViewServiceSet</Filter>
    </ClInclude>
    <ClInclude Include="..\..\inc\OpcUaStackCore\ServiceSet\RegisterNodesRequest.h">
      <Filter>src\ServiceSet\ViewServiceSet</Filter>
    </ClInclude>
    <ClInclude Include="..\..\inc\OpcUaStackCore\ServiceSet\RegisterNodesResponse.h">
      <Filter>src\ServiceSet\ViewServiceSet</Filter>
    </ClInclude>
    <ClInclude Include="..\..\inc\OpcUaStackCore\ServiceSet\UnregisterNodesRequest.h">
      <Filter>src\ServiceSet\ViewServiceSet</Filter>
    </ClInclude>
    <ClInclude Include="..\..\inc\OpcUaStackCore\ServiceSet\UnregisterNodesResponse.h">
      <Filter>src\ServiceSet\ViewServiceSet</Filter>
    </ClInclude>
    <ClInclude Include="..\..\inc\OpcUaStackCore\ServiceSet\ViewDescription.h">
      <Filter>src\ServiceSet\Common</Filter>
    </ClInclude>
    <ClInclude Include="..\..\inc\OpcUaStackCore\ServiceSet\QueryDataDescription.h">
      <Filter>src\ServiceSet\QueryServiceSet</Filter>
    </ClInclude>
    <ClInclude Include="..\..\inc\OpcUaStackCore\ServiceSet\NodeTypeDescription.h">
      <Filter>src\ServiceSet\QueryServiceSet</Filter>
    </ClInclude>
    <ClInclude Include="..\..\inc\OpcUaStackCore\ServiceSet\ParsingResult.h">
      <Filter>src\ServiceSet\QueryServiceSet</Filter>
    </ClInclude>
    <ClInclude Include="..\..\inc\OpcUaStackCore\ServiceSet\QueryDataSet.h">
      <Filter>src\ServiceSet\QueryServiceSet</Filter>
    </ClInclude>
    <ClInclude Include="..\..\inc\OpcUaStackCore\ServiceSet\QueryFirstRequest.h">
      <Filter>src\ServiceSet\QueryServiceSet</Filter>
    </ClInclude>
    <ClInclude Include="..\..\inc\OpcUaStackCore\ServiceSet\QueryFirstResponse.h">
      <Filter>src\ServiceSet\QueryServiceSet</Filter>
    </ClInclude>
    <ClInclude Include="..\..\inc\OpcUaStackCore\ServiceSet\QueryNextRequest.h">
      <Filter>src\ServiceSet\QueryServiceSet</Filter>
    </ClInclude>
    <ClInclude Include="..\..\inc\OpcUaStackCore\ServiceSet\QueryNextResponse.h">
      <Filter>src\ServiceSet\QueryServiceSet</Filter>
    </ClInclude>
    <ClInclude Include="..\..\inc\OpcUaStackCore\Base\Callback.h">
      <Filter>src\Base</Filter>
    </ClInclude>
    <ClInclude Include="..\..\inc\OpcUaStackCore\Utility\PendingQueue.h">
      <Filter>src\Utility</Filter>
    </ClInclude>
    <ClInclude Include="..\..\inc\OpcUaStackCore\Utility\Timer.h">
      <Filter>src\Utility</Filter>
    </ClInclude>
    <ClInclude Include="..\..\inc\OpcUaStackCore\ServiceSet\QueryNextResponse.h">
      <Filter>sc\ServiceSet\QueryServiceSet</Filter>
    </ClInclude>
    <ClInclude Include="..\..\inc\OpcUaStackCore\Base\Url.h">
      <Filter>sc\Base</Filter>
    </ClInclude>
    <ClInclude Include="..\..\inc\OpcUaStackCore\ServiceSet\ServiceBase.h">
      <Filter>src\ServiceSet\Common</Filter>
    </ClInclude>
    <ClInclude Include="..\..\inc\OpcUaStackCore\ServiceSet\ServiceTransaction.h">
      <Filter>src\ServiceSet\Common</Filter>
    </ClInclude>
    <ClInclude Include="..\..\inc\OpcUaStackCore\ServiceSet\ServiceTransactionIf.h">
      <Filter>src\ServiceSet\Common</Filter>
    </ClInclude>
    <ClInclude Include="..\..\inc\OpcUaStackCore\ServiceSet\AddNodesResponse.h">
      <Filter>src\ServiceSet\NodeManagementServiceSet</Filter>
    </ClInclude>
    <ClInclude Include="..\..\inc\OpcUaStackCore\ServiceSet\AddNodesResult.h">
      <Filter>src\ServiceSet\NodeManagementServiceSet</Filter>
    </ClInclude>
    <ClInclude Include="..\..\inc\OpcUaStackCore\ServiceSet\AddReferencesItem.h">
      <Filter>src\ServiceSet\NodeManagementServiceSet</Filter>
    </ClInclude>
    <ClInclude Include="..\..\inc\OpcUaStackCore\ServiceSet\AddReferencesRequest.h">
      <Filter>src\ServiceSet\NodeManagementServiceSet</Filter>
    </ClInclude>
    <ClInclude Include="..\..\inc\OpcUaStackCore\ServiceSet\AddReferencesResponse.h">
      <Filter>src\ServiceSet\NodeManagementServiceSet</Filter>
    </ClInclude>
    <ClInclude Include="..\..\inc\OpcUaStackCore\ServiceSet\AddReferencesResult.h">
      <Filter>src\ServiceSet\NodeManagementServiceSet</Filter>
    </ClInclude>
    <ClInclude Include="..\..\inc\OpcUaStackCore\ServiceSet\DeleteNodesItem.h">
      <Filter>src\ServiceSet\NodeManagementServiceSet</Filter>
    </ClInclude>
    <ClInclude Include="..\..\inc\OpcUaStackCore\ServiceSet\DeleteNodesRequest.h">
      <Filter>src\ServiceSet\NodeManagementServiceSet</Filter>
    </ClInclude>
    <ClInclude Include="..\..\inc\OpcUaStackCore\ServiceSet\DeleteNodesResponse.h">
      <Filter>src\ServiceSet\NodeManagementServiceSet</Filter>
    </ClInclude>
    <ClInclude Include="..\..\inc\OpcUaStackCore\ServiceSet\DeleteNodesResult.h">
      <Filter>src\ServiceSet\NodeManagementServiceSet</Filter>
    </ClInclude>
    <ClInclude Include="..\..\inc\OpcUaStackCore\ServiceSet\AttributeServiceTransaction.h">
      <Filter>src\ServiceSet\AttributeServiceSet</Filter>
    </ClInclude>
    <ClInclude Include="..\..\inc\OpcUaStackCore\ServiceSet\ServiceTransactionTemplate.h">
      <Filter>src\ServiceSet\Common</Filter>
    </ClInclude>
    <ClInclude Include="..\..\inc\OpcUaStackCore\ServiceSet\DiscoveryServiceTransaction.h">
      <Filter>src\ServiceSet\DiscoveryServiceSet</Filter>
    </ClInclude>
    <ClInclude Include="..\..\inc\OpcUaStackCore\ServiceSet\MethodServiceTransaction.h">
      <Filter>src\ServiceSet\MethodServiceSet</Filter>
    </ClInclude>
    <ClInclude Include="..\..\inc\OpcUaStackCore\ServiceSet\MonitoredItemServiceTransaction.h">
      <Filter>src\ServiceSet\MonitoredItemServiceSet</Filter>
    </ClInclude>
    <ClInclude Include="..\..\inc\OpcUaStackCore\ServiceSet\NodeManagementServiceTransaction.h">
      <Filter>src\ServiceSet\NodeManagementServiceSet</Filter>
    </ClInclude>
    <ClInclude Include="..\..\inc\OpcUaStackCore\ServiceSet\QueryServiceTransaction.h">
      <Filter>src\ServiceSet\QueryServiceSet</Filter>
    </ClInclude>
    <ClInclude Include="..\..\inc\OpcUaStackCore\ServiceSet\SessionServiceTransaction.h">
      <Filter>src\ServiceSet\SessionServiceSet</Filter>
    </ClInclude>
    <ClInclude Include="..\..\inc\OpcUaStackCore\ServiceSet\SubscriptionServiceTransaction.h">
      <Filter>src\ServiceSet\SubscriptionServiceSet</Filter>
    </ClInclude>
    <ClInclude Include="..\..\inc\OpcUaStackCore\ServiceSet\ViewServiceTransaction.h">
      <Filter>src\ServiceSet\ViewServiceSet</Filter>
    </ClInclude>
    <ClInclude Include="..\..\inc\OpcUaStackCore\ServiceSet\TimestampsToReturn.h">
      <Filter>src\ServiceSet\Common</Filter>
    </ClInclude>
    <ClInclude Include="..\..\inc\OpcUaStackCore\ServiceSet\DeleteSubscriptionsRequest.h">
      <Filter>src\ServiceSet\SubscriptionServiceSet</Filter>
    </ClInclude>
    <ClInclude Include="..\..\inc\OpcUaStackCore\ServiceSet\DeleteSubscriptionsResponse.h">
      <Filter>src\ServiceSet\SubscriptionServiceSet</Filter>
    </ClInclude>
    <ClInclude Include="..\..\inc\OpcUaStackCore\ServiceSet\MonitoringMode.h">
      <Filter>src\ServiceSet\Common</Filter>
    </ClInclude>
    <ClInclude Include="..\..\inc\OpcUaStackCore\ServiceSet\DeleteReferencesItem.h">
      <Filter>sc\ServiceSet\NodeManagementServiceSet</Filter>
    </ClInclude>
    <ClInclude Include="..\..\inc\OpcUaStackCore\ServiceSet\DeleteReferencesRequest.h">
      <Filter>sc\ServiceSet\NodeManagementServiceSet</Filter>
    </ClInclude>
    <ClInclude Include="..\..\inc\OpcUaStackCore\ServiceSet\DeleteReferencesResponse.h">
      <Filter>sc\ServiceSet\NodeManagementServiceSet</Filter>
    </ClInclude>
    <ClInclude Include="..\..\inc\OpcUaStackCore\ServiceSet\DeleteReferencesResult.h">
      <Filter>sc\ServiceSet\NodeManagementServiceSet</Filter>
    </ClInclude>
  </ItemGroup>
  <ItemGroup>
    <ClCompile Include="..\..\src\OpcUaStackCore\BuildInTypes\BuildInTypes.cpp">
      <Filter>src\BuildInTypes</Filter>
    </ClCompile>
    <ClCompile Include="..\..\src\OpcUaStackCore\BuildInTypes\OpcUaByteString.cpp">
      <Filter>src\BuildInTypes</Filter>
    </ClCompile>
    <ClCompile Include="..\..\src\OpcUaStackCore\BuildInTypes\OpcUaDateTime.cpp">
      <Filter>src\BuildInTypes</Filter>
    </ClCompile>
    <ClCompile Include="..\..\src\OpcUaStackCore\BuildInTypes\OpcUaExpandedNodeId.cpp">
      <Filter>src\BuildInTypes</Filter>
    </ClCompile>
    <ClCompile Include="..\..\src\OpcUaStackCore\BuildInTypes\OpcUaExtensionObject.cpp">
      <Filter>src\BuildInTypes</Filter>
    </ClCompile>
    <ClCompile Include="..\..\src\OpcUaStackCore\BuildInTypes\OpcUaGuid.cpp">
      <Filter>src\BuildInTypes</Filter>
    </ClCompile>
    <ClCompile Include="..\..\src\OpcUaStackCore\BuildInTypes\OpcUaLocalizedText.cpp">
      <Filter>src\BuildInTypes</Filter>
    </ClCompile>
    <ClCompile Include="..\..\src\OpcUaStackCore\BuildInTypes\OpcUaNodeId.cpp">
      <Filter>src\BuildInTypes</Filter>
    </ClCompile>
    <ClCompile Include="..\..\src\OpcUaStackCore\BuildInTypes\OpcUaNodeIdBase.cpp">
      <Filter>src\BuildInTypes</Filter>
    </ClCompile>
    <ClCompile Include="..\..\src\OpcUaStackCore\BuildInTypes\OpcUaNumber.cpp">
      <Filter>src\BuildInTypes</Filter>
    </ClCompile>
    <ClCompile Include="..\..\src\OpcUaStackCore\BuildInTypes\OpcUaQualifiedName.cpp">
      <Filter>src\BuildInTypes</Filter>
    </ClCompile>
    <ClCompile Include="..\..\src\OpcUaStackCore\BuildInTypes\OpcUaStatusCode.cpp">
      <Filter>src\BuildInTypes</Filter>
    </ClCompile>
    <ClCompile Include="..\..\src\OpcUaStackCore\BuildInTypes\OpcUaString.cpp">
      <Filter>src\BuildInTypes</Filter>
    </ClCompile>
    <ClCompile Include="..\..\src\OpcUaStackCore\BuildInTypes\OpcUaVariant.cpp">
      <Filter>src\BuildInTypes</Filter>
    </ClCompile>
    <ClCompile Include="..\..\src\OpcUaStackCore\BuildInTypes\OpcUaXmlElement.cpp">
      <Filter>src\BuildInTypes</Filter>
    </ClCompile>
    <ClCompile Include="..\..\src\OpcUaStackCore\BuildInTypes\OpcUaDataValue.cpp">
      <Filter>src\BuildInTypes</Filter>
    </ClCompile>
    <ClCompile Include="..\..\src\OpcUaStackCore\BuildInTypes\OpcUaDiagnosticInfo.cpp">
      <Filter>src\BuildInTypes</Filter>
    </ClCompile>
    <ClCompile Include="dllmain.cpp">
      <Filter>dll</Filter>
    </ClCompile>
    <ClCompile Include="OpcUaStackCore_dll.cpp">
      <Filter>dll</Filter>
    </ClCompile>
    <ClCompile Include="stdafx.cpp">
      <Filter>dll</Filter>
    </ClCompile>
    <ClCompile Include="..\..\src\OpcUaStackCore\Base\Utility.cpp">
      <Filter>src\Base</Filter>
    </ClCompile>
    <ClCompile Include="..\..\src\OpcUaStackCore\SecureChannel\MessageHeader.cpp">
      <Filter>src\SecureChannel</Filter>
    </ClCompile>
    <ClCompile Include="..\..\src\OpcUaStackCore\SecureChannel\HelloMessage.cpp">
      <Filter>src\SecureChannel</Filter>
    </ClCompile>
    <ClCompile Include="..\..\src\OpcUaStackCore\SecureChannel\AcknowledgeMessage.cpp">
      <Filter>src\SecureChannel</Filter>
    </ClCompile>
    <ClCompile Include="..\..\src\OpcUaStackCore\SecureChannel\MessageDefaults.cpp">
      <Filter>src\SecureChannel</Filter>
    </ClCompile>
    <ClCompile Include="..\..\src\OpcUaStackCore\SecureChannel\ErrorMessage.cpp">
      <Filter>src\SecureChannel</Filter>
    </ClCompile>
    <ClCompile Include="..\..\src\OpcUaStackCore\SecureChannel\SecurityHeader.cpp">
      <Filter>src\SecureChannel</Filter>
    </ClCompile>
    <ClCompile Include="..\..\src\OpcUaStackCore\SecureChannel\SequenceHeader.cpp">
      <Filter>src\SecureChannel</Filter>
    </ClCompile>
    <ClCompile Include="..\..\src\OpcUaStackCore\SecureChannel\OpenSecureChannelRequest.cpp">
      <Filter>src\SecureChannel</Filter>
    </ClCompile>
    <ClCompile Include="..\..\src\OpcUaStackCore\SecureChannel\OpenSecureChannelResponse.cpp">
      <Filter>src\SecureChannel</Filter>
    </ClCompile>
    <ClCompile Include="..\..\src\OpcUaStackCore\SecureChannel\RequestHeader.cpp">
      <Filter>src\SecureChannel</Filter>
    </ClCompile>
    <ClCompile Include="..\..\src\OpcUaStackCore\SecureChannel\ResponseHeader.cpp">
      <Filter>src\SecureChannel</Filter>
    </ClCompile>
    <ClCompile Include="..\..\src\OpcUaStackCore\BuildInTypes\OpcUaArray.cpp">
      <Filter>src\BuildInTypes</Filter>
    </ClCompile>
    <ClCompile Include="..\..\src\OpcUaStackCore\SecureChannel\SecurityToken.cpp">
      <Filter>src\SecureChannel</Filter>
    </ClCompile>
    <ClCompile Include="..\..\src\OpcUaStackCore\TCPChannel\TCPAcceptor.cpp">
      <Filter>src\TCPChannel</Filter>
    </ClCompile>
    <ClCompile Include="..\..\src\OpcUaStackCore\TCPChannel\TCPConnection.cpp">
      <Filter>src\TCPChannel</Filter>
    </ClCompile>
    <ClCompile Include="..\..\src\OpcUaStackCore\TCPChannel\TCPConnector.cpp">
      <Filter>src\TCPChannel</Filter>
    </ClCompile>
    <ClCompile Include="..\..\src\OpcUaStackCore\Base\IOService.cpp">
      <Filter>src\Base</Filter>
    </ClCompile>
    <ClCompile Include="..\..\src\OpcUaStackCore\Base\Condition.cpp">
      <Filter>src\Base</Filter>
    </ClCompile>
    <ClCompile Include="..\..\src\OpcUaStackCore\TCPChannel\TCPTestHandler.cpp">
      <Filter>src\TCPChannel</Filter>
    </ClCompile>
    <ClCompile Include="..\..\src\OpcUaStackCore\SecureChannel\ApplicationInstanceCertificate.cpp">
      <Filter>src\SecureChannel</Filter>
    </ClCompile>
    <ClCompile Include="..\..\src\OpcUaStackCore\SecureChannel\SessionAuthenticationToken.cpp">
      <Filter>src\SecureChannel</Filter>
    </ClCompile>
    <ClCompile Include="..\..\src\OpcUaStackCore\SecureChannel\CloseSecureChannelRequest.cpp">
      <Filter>src\SecureChannel</Filter>
    </ClCompile>
    <ClCompile Include="..\..\src\OpcUaStackCore\SecureChannel\CloseSecureChannelResponse.cpp">
      <Filter>src\SecureChannel</Filter>
    </ClCompile>
    <ClCompile Include="..\..\src\OpcUaStackCore\BuildInTypes\ByteOrder.cpp">
      <Filter>src\BuildInTypes</Filter>
    </ClCompile>
    <ClCompile Include="..\..\src\OpcUaStackCore\ServiceSet\ActivateSessionRequest.cpp">
      <Filter>src\ServiceSet\SessionServiceSet</Filter>
    </ClCompile>
    <ClCompile Include="..\..\src\OpcUaStackCore\ServiceSet\ActivateSessionResponse.cpp">
      <Filter>src\ServiceSet\SessionServiceSet</Filter>
    </ClCompile>
    <ClCompile Include="..\..\src\OpcUaStackCore\ServiceSet\CreateSessionRequest.cpp">
      <Filter>src\ServiceSet\SessionServiceSet</Filter>
    </ClCompile>
    <ClCompile Include="..\..\src\OpcUaStackCore\ServiceSet\CreateSessionResponse.cpp">
      <Filter>src\ServiceSet\SessionServiceSet</Filter>
    </ClCompile>
    <ClCompile Include="..\..\src\OpcUaStackCore\ServiceSet\CancelRequest.cpp">
      <Filter>src\ServiceSet\SessionServiceSet</Filter>
    </ClCompile>
    <ClCompile Include="..\..\src\OpcUaStackCore\ServiceSet\CancelResponse.cpp">
      <Filter>src\ServiceSet\SessionServiceSet</Filter>
    </ClCompile>
    <ClCompile Include="..\..\src\OpcUaStackCore\ServiceSet\CloseSessionRequest.cpp">
      <Filter>src\ServiceSet\SessionServiceSet</Filter>
    </ClCompile>
    <ClCompile Include="..\..\src\OpcUaStackCore\ServiceSet\CloseSessionResponse.cpp">
      <Filter>src\ServiceSet\SessionServiceSet</Filter>
    </ClCompile>
    <ClCompile Include="..\..\src\OpcUaStackCore\ServiceSet\ApplicationDescription.cpp">
      <Filter>src\ServiceSet\Common</Filter>
    </ClCompile>
    <ClCompile Include="..\..\src\OpcUaStackCore\ServiceSet\EndpointDescription.cpp">
      <Filter>src\ServiceSet\Common</Filter>
    </ClCompile>
    <ClCompile Include="..\..\src\OpcUaStackCore\ServiceSet\SignatureData.cpp">
      <Filter>src\ServiceSet\Common</Filter>
    </ClCompile>
    <ClCompile Include="..\..\src\OpcUaStackCore\ServiceSet\SignedSoftwareCertificate.cpp">
      <Filter>src\ServiceSet\Common</Filter>
    </ClCompile>
    <ClCompile Include="..\..\src\OpcUaStackCore\ServiceSet\UserIdentityToken.cpp">
      <Filter>src\ServiceSet\Common</Filter>
    </ClCompile>
    <ClCompile Include="..\..\src\OpcUaStackCore\ServiceSet\UserTokenPolicy.cpp">
      <Filter>src\ServiceSet\Common</Filter>
    </ClCompile>
    <ClCompile Include="..\..\src\OpcUaStackCore\ServiceSet\ExtensibleParameter.cpp">
      <Filter>src\ServiceSet\Common</Filter>
    </ClCompile>
    <ClCompile Include="..\..\src\OpcUaStackCore\ServiceSet\AnonymousIdentityToken.cpp">
      <Filter>src\ServiceSet\Common</Filter>
    </ClCompile>
    <ClCompile Include="..\..\src\OpcUaStackCore\ServiceSet\UserNameIdentityToken.cpp">
      <Filter>src\ServiceSet\Common</Filter>
    </ClCompile>
    <ClCompile Include="..\..\src\OpcUaStackCore\ServiceSet\ReadRequest.cpp">
      <Filter>src\ServiceSet\AttributeServiceSet</Filter>
    </ClCompile>
    <ClCompile Include="..\..\src\OpcUaStackCore\ServiceSet\ReadResponse.cpp">
      <Filter>src\ServiceSet\AttributeServiceSet</Filter>
    </ClCompile>
    <ClCompile Include="..\..\src\OpcUaStackCore\ServiceSet\WriteRequest.cpp">
      <Filter>src\ServiceSet\AttributeServiceSet</Filter>
    </ClCompile>
    <ClCompile Include="..\..\src\OpcUaStackCore\ServiceSet\WriteResponse.cpp">
      <Filter>src\ServiceSet\AttributeServiceSet</Filter>
    </ClCompile>
    <ClCompile Include="..\..\src\OpcUaStackCore\ServiceSet\CreateSubscriptionRequest.cpp">
      <Filter>src\ServiceSet\SubscriptionServiceSet</Filter>
    </ClCompile>
    <ClCompile Include="..\..\src\OpcUaStackCore\ServiceSet\CreateSubscriptionResponse.cpp">
      <Filter>src\ServiceSet\SubscriptionServiceSet</Filter>
    </ClCompile>
    <ClCompile Include="..\..\src\OpcUaStackCore\ServiceSet\SubscriptionAcknowledgement.cpp">
      <Filter>src\ServiceSet\Common</Filter>
    </ClCompile>
    <ClCompile Include="..\..\src\OpcUaStackCore\ServiceSet\PublishRequest.cpp">
      <Filter>src\ServiceSet\SubscriptionServiceSet</Filter>
    </ClCompile>
    <ClCompile Include="..\..\src\OpcUaStackCore\ServiceSet\PublishResponse.cpp">
      <Filter>src\ServiceSet\SubscriptionServiceSet</Filter>
    </ClCompile>
    <ClCompile Include="..\..\src\OpcUaStackCore\ServiceSet\NotificationMessage.cpp">
      <Filter>src\ServiceSet\SubscriptionServiceSet</Filter>
    </ClCompile>
    <ClCompile Include="..\..\src\OpcUaStackCore\ServiceSet\DataChangeNotification.cpp">
      <Filter>src\ServiceSet\SubscriptionServiceSet</Filter>
    </ClCompile>
    <ClCompile Include="..\..\src\OpcUaStackCore\ServiceSet\MonitoredItemNotification.cpp">
      <Filter>src\ServiceSet\SubscriptionServiceSet</Filter>
    </ClCompile>
    <ClCompile Include="..\..\src\OpcUaStackCore\ServiceSet\StatusChangeNotification.cpp">
      <Filter>src\ServiceSet\SubscriptionServiceSet</Filter>
    </ClCompile>
    <ClCompile Include="..\..\src\OpcUaStackCore\SecureChannel\SecureChannel.cpp">
      <Filter>src\SecureChannel</Filter>
    </ClCompile>
    <ClCompile Include="..\..\src\OpcUaStackCore\Base\Log.cpp">
      <Filter>src\Base</Filter>
    </ClCompile>
    <ClCompile Include="..\..\src\OpcUaStackCore\Base\Config.cpp">
      <Filter>src\Base</Filter>
    </ClCompile>
    <ClCompile Include="..\..\src\OpcUaStackCore\Base\ConfigXml.cpp">
      <Filter>src\Base</Filter>
    </ClCompile>
    <ClCompile Include="..\..\src\OpcUaStackCore\ServiceSet\EventField.cpp">
      <Filter>src\ServiceSet\SubscriptionServiceSet</Filter>
    </ClCompile>
    <ClCompile Include="..\..\src\OpcUaStackCore\ServiceSet\EventFieldList.cpp">
      <Filter>src\ServiceSet\SubscriptionServiceSet</Filter>
    </ClCompile>
    <ClCompile Include="..\..\src\OpcUaStackCore\ServiceSet\EventNotificationList.cpp">
      <Filter>src\ServiceSet\SubscriptionServiceSet</Filter>
    </ClCompile>
    <ClCompile Include="..\..\src\OpcUaStackCore\ServiceSet\ModifySubscriptionRequest.cpp">
      <Filter>src\ServiceSet\SubscriptionServiceSet</Filter>
    </ClCompile>
    <ClCompile Include="..\..\src\OpcUaStackCore\ServiceSet\ModifySubscriptionResponse.cpp">
      <Filter>src\ServiceSet\SubscriptionServiceSet</Filter>
    </ClCompile>
    <ClCompile Include="..\..\src\OpcUaStackCore\ServiceSet\SetPublishingModeRequest.cpp">
      <Filter>src\ServiceSet\SubscriptionServiceSet</Filter>
    </ClCompile>
    <ClCompile Include="..\..\src\OpcUaStackCore\ServiceSet\SetPublishingModeResponse.cpp">
      <Filter>src\ServiceSet\SubscriptionServiceSet</Filter>
    </ClCompile>
    <ClCompile Include="..\..\src\OpcUaStackCore\ServiceSet\RepublishRequest.cpp">
      <Filter>src\ServiceSet\SubscriptionServiceSet</Filter>
    </ClCompile>
    <ClCompile Include="..\..\src\OpcUaStackCore\ServiceSet\RepublishResponse.cpp">
      <Filter>src\ServiceSet\SubscriptionServiceSet</Filter>
    </ClCompile>
    <ClCompile Include="..\..\src\OpcUaStackCore\ServiceSet\TransferSubscriptionsRequest.cpp">
      <Filter>src\ServiceSet\SubscriptionServiceSet</Filter>
    </ClCompile>
    <ClCompile Include="..\..\src\OpcUaStackCore\ServiceSet\TransferSubscriptionsResponse.cpp">
      <Filter>src\ServiceSet\SubscriptionServiceSet</Filter>
    </ClCompile>
    <ClCompile Include="..\..\src\OpcUaStackCore\ServiceSet\TransferResult.cpp">
      <Filter>src\ServiceSet\SubscriptionServiceSet</Filter>
    </ClCompile>
    <ClCompile Include="..\..\src\OpcUaStackCore\ServiceSet\CallRequest.cpp">
      <Filter>src\ServiceSet\MethodServiceSet</Filter>
    </ClCompile>
    <ClCompile Include="..\..\src\OpcUaStackCore\ServiceSet\CallResponse.cpp">
      <Filter>src\ServiceSet\MethodServiceSet</Filter>
    </ClCompile>
    <ClCompile Include="..\..\src\OpcUaStackCore\ServiceSet\CallMethodResult.cpp">
      <Filter>src\ServiceSet\MethodServiceSet</Filter>
    </ClCompile>
    <ClCompile Include="..\..\src\OpcUaStackCore\ServiceSet\CallMethodRequest.cpp">
      <Filter>src\ServiceSet\MethodServiceSet</Filter>
    </ClCompile>
    <ClCompile Include="..\..\src\OpcUaStackCore\ServiceSet\MonitoredItemCreateRequest.cpp">
      <Filter>src\ServiceSet\MonitoredItemServiceSet</Filter>
    </ClCompile>
    <ClCompile Include="..\..\src\OpcUaStackCore\ServiceSet\MonitoredItemCreateResult.cpp">
      <Filter>src\ServiceSet\MonitoredItemServiceSet</Filter>
    </ClCompile>
    <ClCompile Include="..\..\src\OpcUaStackCore\ServiceSet\MonitoredItemModifyRequest.cpp">
      <Filter>src\ServiceSet\MonitoredItemServiceSet</Filter>
    </ClCompile>
    <ClCompile Include="..\..\src\OpcUaStackCore\ServiceSet\MonitoredItemModifyResult.cpp">
      <Filter>src\ServiceSet\MonitoredItemServiceSet</Filter>
    </ClCompile>
    <ClCompile Include="..\..\src\OpcUaStackCore\ServiceSet\WriteValue.cpp">
      <Filter>src\ServiceSet\Common</Filter>
    </ClCompile>
    <ClCompile Include="..\..\src\OpcUaStackCore\ServiceSet\ReadValueId.cpp">
      <Filter>src\ServiceSet\Common</Filter>
    </ClCompile>
    <ClCompile Include="..\..\src\OpcUaStackCore\ServiceSet\SimpleAttributeOperand.cpp">
      <Filter>src\ServiceSet\Common</Filter>
    </ClCompile>
    <ClCompile Include="..\..\src\OpcUaStackCore\ServiceSet\AttributeOperand.cpp">
      <Filter>src\ServiceSet\Common</Filter>
    </ClCompile>
    <ClCompile Include="..\..\src\OpcUaStackCore\ServiceSet\LiteralOperand.cpp">
      <Filter>src\ServiceSet\Common</Filter>
    </ClCompile>
    <ClCompile Include="..\..\src\OpcUaStackCore\ServiceSet\ElementOperand.cpp">
      <Filter>src\ServiceSet\Common</Filter>
    </ClCompile>
    <ClCompile Include="..\..\src\OpcUaStackCore\ServiceSet\RelativePath.cpp">
      <Filter>src\ServiceSet\Common</Filter>
    </ClCompile>
    <ClCompile Include="..\..\src\OpcUaStackCore\ServiceSet\RelativePathElement.cpp">
      <Filter>src\ServiceSet\Common</Filter>
    </ClCompile>
    <ClCompile Include="..\..\src\OpcUaStackCore\ServiceSet\EventFilter.cpp">
      <Filter>src\ServiceSet\Common</Filter>
    </ClCompile>
    <ClCompile Include="..\..\src\OpcUaStackCore\ServiceSet\ContentFilter.cpp">
      <Filter>src\ServiceSet\Common</Filter>
    </ClCompile>
    <ClCompile Include="..\..\src\OpcUaStackCore\ServiceSet\ContentFilterElement.cpp">
      <Filter>src\ServiceSet\Common</Filter>
    </ClCompile>
    <ClCompile Include="..\..\src\OpcUaStackCore\ServiceSet\DataChangeFilter.cpp">
      <Filter>src\ServiceSet\Common</Filter>
    </ClCompile>
    <ClCompile Include="..\..\src\OpcUaStackCore\ServiceSet\MonitoringParameters.cpp">
      <Filter>src\ServiceSet\MonitoredItemServiceSet</Filter>
    </ClCompile>
    <ClCompile Include="..\..\src\OpcUaStackCore\ServiceSet\CreateMonitoredItemsRequest.cpp">
      <Filter>src\ServiceSet\MonitoredItemServiceSet</Filter>
    </ClCompile>
    <ClCompile Include="..\..\src\OpcUaStackCore\ServiceSet\ContentFilterElementResult.cpp">
      <Filter>src\ServiceSet\Common</Filter>
    </ClCompile>
    <ClCompile Include="..\..\src\OpcUaStackCore\ServiceSet\ContentFilterResult.cpp">
      <Filter>src\ServiceSet\Common</Filter>
    </ClCompile>
    <ClCompile Include="..\..\src\OpcUaStackCore\ServiceSet\EventFilterResult.cpp">
      <Filter>src\ServiceSet\Common</Filter>
    </ClCompile>
    <ClCompile Include="..\..\src\OpcUaStackCore\ServiceSet\AggregateFilterResult.cpp">
      <Filter>src\ServiceSet\Common</Filter>
    </ClCompile>
    <ClCompile Include="..\..\src\OpcUaStackCore\ServiceSet\CreateMonitoredItemsResponse.cpp">
      <Filter>src\ServiceSet\MonitoredItemServiceSet</Filter>
    </ClCompile>
    <ClCompile Include="..\..\src\OpcUaStackCore\ServiceSet\ModifyMonitoredItemsRequest.cpp">
      <Filter>src\ServiceSet\MonitoredItemServiceSet</Filter>
    </ClCompile>
    <ClCompile Include="..\..\src\OpcUaStackCore\ServiceSet\ModifyMonitoredItemsResponse.cpp">
      <Filter>src\ServiceSet\MonitoredItemServiceSet</Filter>
    </ClCompile>
    <ClCompile Include="..\..\src\OpcUaStackCore\ServiceSet\SetMonitoringModeRequest.cpp">
      <Filter>src\ServiceSet\MonitoredItemServiceSet</Filter>
    </ClCompile>
    <ClCompile Include="..\..\src\OpcUaStackCore\ServiceSet\SetMonitoringModeResponse.cpp">
      <Filter>src\ServiceSet\MonitoredItemServiceSet</Filter>
    </ClCompile>
    <ClCompile Include="..\..\src\OpcUaStackCore\ServiceSet\SetTriggeringRequest.cpp">
      <Filter>src\ServiceSet\MonitoredItemServiceSet</Filter>
    </ClCompile>
    <ClCompile Include="..\..\src\OpcUaStackCore\ServiceSet\DeleteMonitoredItemsRequest.cpp">
      <Filter>src\ServiceSet\MonitoredItemServiceSet</Filter>
    </ClCompile>
    <ClCompile Include="..\..\src\OpcUaStackCore\ServiceSet\SetTriggeringResponse.cpp">
      <Filter>src\ServiceSet\MonitoredItemServiceSet</Filter>
    </ClCompile>
    <ClCompile Include="..\..\src\OpcUaStackCore\ServiceSet\DeleteMonitoredItemsResponse.cpp">
      <Filter>src\ServiceSet\MonitoredItemServiceSet</Filter>
    </ClCompile>
    <ClCompile Include="..\..\src\OpcUaStackCore\ServiceSet\AddNodesItem.cpp">
      <Filter>src\ServiceSet\NodeManagementServiceSet</Filter>
    </ClCompile>
    <ClCompile Include="..\..\src\OpcUaStackCore\ServiceSet\AddNodesRequest.cpp">
      <Filter>src\ServiceSet\NodeManagementServiceSet</Filter>
    </ClCompile>
    <ClCompile Include="..\..\src\OpcUaStackCore\ServiceSet\DataTypeAttributes.cpp">
      <Filter>src\ServiceSet\NodeManagementServiceSet</Filter>
    </ClCompile>
    <ClCompile Include="..\..\src\OpcUaStackCore\ServiceSet\MethodAttributes.cpp">
      <Filter>src\ServiceSet\NodeManagementServiceSet</Filter>
    </ClCompile>
    <ClCompile Include="..\..\src\OpcUaStackCore\ServiceSet\NodeClass.cpp">
      <Filter>src\ServiceSet\NodeManagementServiceSet</Filter>
    </ClCompile>
    <ClCompile Include="..\..\src\OpcUaStackCore\ServiceSet\ObjectAttributes.cpp">
      <Filter>src\ServiceSet\NodeManagementServiceSet</Filter>
    </ClCompile>
    <ClCompile Include="..\..\src\OpcUaStackCore\ServiceSet\ObjectTypeAttributes.cpp">
      <Filter>src\ServiceSet\NodeManagementServiceSet</Filter>
    </ClCompile>
    <ClCompile Include="..\..\src\OpcUaStackCore\ServiceSet\VariableAttributes.cpp">
      <Filter>src\ServiceSet\NodeManagementServiceSet</Filter>
    </ClCompile>
    <ClCompile Include="..\..\src\OpcUaStackCore\ServiceSet\VariableTypeAttributes.cpp">
      <Filter>src\ServiceSet\NodeManagementServiceSet</Filter>
    </ClCompile>
    <ClCompile Include="..\..\src\OpcUaStackCore\ServiceSet\ViewAttributes.cpp">
      <Filter>src\ServiceSet\NodeManagementServiceSet</Filter>
    </ClCompile>
    <ClCompile Include="..\..\src\OpcUaStackCore\ServiceSet\ReferenceTypeAttributes.cpp">
      <Filter>src\ServiceSet\NodeManagementServiceSet</Filter>
    </ClCompile>
    <ClCompile Include="..\..\src\OpcUaStackCore\Base\Url.cpp">
      <Filter>src\Base</Filter>
    </ClCompile>
    <ClCompile Include="..\..\src\OpcUaStackCore\ServiceSet\RegisterServerRequest.cpp">
      <Filter>src\ServiceSet\DiscoveryServiceSet</Filter>
    </ClCompile>
    <ClCompile Include="..\..\src\OpcUaStackCore\ServiceSet\RegisterServerResponse.cpp">
      <Filter>src\ServiceSet\DiscoveryServiceSet</Filter>
    </ClCompile>
    <ClCompile Include="..\..\src\OpcUaStackCore\ServiceSet\RegisteredServer.cpp">
      <Filter>src\ServiceSet\DiscoveryServiceSet</Filter>
    </ClCompile>
    <ClCompile Include="..\..\src\OpcUaStackCore\ServiceSet\FindServersRequest.cpp">
      <Filter>src\ServiceSet\DiscoveryServiceSet</Filter>
    </ClCompile>
    <ClCompile Include="..\..\src\OpcUaStackCore\ServiceSet\FindServersResponse.cpp">
      <Filter>src\ServiceSet\DiscoveryServiceSet</Filter>
    </ClCompile>
    <ClCompile Include="..\..\src\OpcUaStackCore\ServiceSet\GetEndpointsRequest.cpp">
      <Filter>src\ServiceSet\DiscoveryServiceSet</Filter>
    </ClCompile>
    <ClCompile Include="..\..\src\OpcUaStackCore\ServiceSet\GetEndpointsResponse.cpp">
      <Filter>src\ServiceSet\DiscoveryServiceSet</Filter>
    </ClCompile>
    <ClCompile Include="..\..\src\OpcUaStackCore\ServiceSet\ReadEventDetails.cpp">
      <Filter>src\ServiceSet\HistoryAccessServiceSet</Filter>
    </ClCompile>
    <ClCompile Include="..\..\src\OpcUaStackCore\ServiceSet\ReadRawModifiedDetails.cpp">
      <Filter>src\ServiceSet\HistoryAccessServiceSet</Filter>
    </ClCompile>
    <ClCompile Include="..\..\src\OpcUaStackCore\ServiceSet\ReadProcessedDetails.cpp">
      <Filter>src\ServiceSet\HistoryAccessServiceSet</Filter>
    </ClCompile>
    <ClCompile Include="..\..\src\OpcUaStackCore\ServiceSet\ReadAtTimeDetails.cpp">
      <Filter>src\ServiceSet\HistoryAccessServiceSet</Filter>
    </ClCompile>
    <ClCompile Include="..\..\src\OpcUaStackCore\ServiceSet\AggregateConfiguration.cpp">
      <Filter>src\ServiceSet\Common</Filter>
    </ClCompile>
    <ClCompile Include="..\..\src\OpcUaStackCore\ServiceSet\AggregateFilter.cpp">
      <Filter>src\ServiceSet\Common</Filter>
    </ClCompile>
    <ClCompile Include="..\..\src\OpcUaStackCore\ServiceSet\HistoryData.cpp">
      <Filter>src\ServiceSet\HistoryAccessServiceSet</Filter>
    </ClCompile>
    <ClCompile Include="..\..\src\OpcUaStackCore\ServiceSet\HistoryModifiedData.cpp">
      <Filter>src\ServiceSet\HistoryAccessServiceSet</Filter>
    </ClCompile>
    <ClCompile Include="..\..\src\OpcUaStackCore\ServiceSet\ModificationInfo.cpp">
      <Filter>src\ServiceSet\HistoryAccessServiceSet</Filter>
    </ClCompile>
    <ClCompile Include="..\..\src\OpcUaStackCore\ServiceSet\HistoryEventFieldList.cpp">
      <Filter>src\ServiceSet\HistoryAccessServiceSet</Filter>
    </ClCompile>
    <ClCompile Include="..\..\src\OpcUaStackCore\ServiceSet\HistoryEvent.cpp">
      <Filter>src\ServiceSet\HistoryAccessServiceSet</Filter>
    </ClCompile>
    <ClCompile Include="..\..\src\OpcUaStackCore\ServiceSet\UpdateDataDetails.cpp">
      <Filter>src\ServiceSet\HistoryAccessServiceSet</Filter>
    </ClCompile>
    <ClCompile Include="..\..\src\OpcUaStackCore\ServiceSet\UpdateStructureDataDetails.cpp">
      <Filter>src\ServiceSet\HistoryAccessServiceSet</Filter>
    </ClCompile>
    <ClCompile Include="..\..\src\OpcUaStackCore\ServiceSet\UpdateEventDetails.cpp">
      <Filter>src\ServiceSet\HistoryAccessServiceSet</Filter>
    </ClCompile>
    <ClCompile Include="..\..\src\OpcUaStackCore\ServiceSet\DeleteRawModifiedDetails.cpp">
      <Filter>src\ServiceSet\HistoryAccessServiceSet</Filter>
    </ClCompile>
    <ClCompile Include="..\..\src\OpcUaStackCore\ServiceSet\DeleteAtTimeDetails.cpp">
      <Filter>src\ServiceSet\HistoryAccessServiceSet</Filter>
    </ClCompile>
    <ClCompile Include="..\..\src\OpcUaStackCore\ServiceSet\DeleteEventDetails.cpp">
      <Filter>src\ServiceSet\HistoryAccessServiceSet</Filter>
    </ClCompile>
    <ClCompile Include="..\..\src\OpcUaStackCore\ServiceSet\HistoryReadResult.cpp">
      <Filter>src\ServiceSet\Common</Filter>
    </ClCompile>
    <ClCompile Include="..\..\src\OpcUaStackCore\ServiceSet\HistoryReadValueId.cpp">
      <Filter>src\ServiceSet\Common</Filter>
    </ClCompile>
    <ClCompile Include="..\..\src\OpcUaStackCore\ServiceSet\HistoryReadRequest.cpp">
      <Filter>src\ServiceSet\AttributeServiceSet</Filter>
    </ClCompile>
    <ClCompile Include="..\..\src\OpcUaStackCore\ServiceSet\HistoryReadResponse.cpp">
      <Filter>src\ServiceSet\AttributeServiceSet</Filter>
    </ClCompile>
    <ClCompile Include="..\..\src\OpcUaStackCore\ServiceSet\HistoryUpdateResult.cpp">
      <Filter>src\ServiceSet\Common</Filter>
    </ClCompile>
    <ClCompile Include="..\..\src\OpcUaStackCore\ServiceSet\HistoryUpdateRequest.cpp">
      <Filter>src\ServiceSet\AttributeServiceSet</Filter>
    </ClCompile>
    <ClCompile Include="..\..\src\OpcUaStackCore\ServiceSet\HistoryUpdateResponse.cpp">
      <Filter>src\ServiceSet\AttributeServiceSet</Filter>
    </ClCompile>
    <ClCompile Include="..\..\src\OpcUaStackCore\ServiceSet\BrowseDescription.cpp">
      <Filter>src\ServiceSet\ViewServiceSet</Filter>
    </ClCompile>
    <ClCompile Include="..\..\src\OpcUaStackCore\ServiceSet\ReferenceDescription.cpp">
      <Filter>src\ServiceSet\ViewServiceSet</Filter>
    </ClCompile>
    <ClCompile Include="..\..\src\OpcUaStackCore\ServiceSet\BrowseResult.cpp">
      <Filter>src\ServiceSet\ViewServiceSet</Filter>
    </ClCompile>
    <ClCompile Include="..\..\src\OpcUaStackCore\ServiceSet\BrowseRequest.cpp">
      <Filter>src\ServiceSet\ViewServiceSet</Filter>
    </ClCompile>
    <ClCompile Include="..\..\src\OpcUaStackCore\ServiceSet\BrowseResponse.cpp">
      <Filter>src\ServiceSet\ViewServiceSet</Filter>
    </ClCompile>
    <ClCompile Include="..\..\src\OpcUaStackCore\ServiceSet\BrowseNextRequest.cpp">
      <Filter>src\ServiceSet\ViewServiceSet</Filter>
    </ClCompile>
    <ClCompile Include="..\..\src\OpcUaStackCore\ServiceSet\BrowseNextResponse.cpp">
      <Filter>src\ServiceSet\ViewServiceSet</Filter>
    </ClCompile>
    <ClCompile Include="..\..\src\OpcUaStackCore\ServiceSet\BrowsePath.cpp">
      <Filter>src\ServiceSet\ViewServiceSet</Filter>
    </ClCompile>
    <ClCompile Include="..\..\src\OpcUaStackCore\ServiceSet\BrowsePathResult.cpp">
      <Filter>src\ServiceSet\ViewServiceSet</Filter>
    </ClCompile>
    <ClCompile Include="..\..\src\OpcUaStackCore\ServiceSet\TranslateBrowsePathsToNodeIdsRequest.cpp">
      <Filter>src\ServiceSet\ViewServiceSet</Filter>
    </ClCompile>
    <ClCompile Include="..\..\src\OpcUaStackCore\ServiceSet\TranslateBrowsePathsToNodeIdsResponse.cpp">
      <Filter>src\ServiceSet\ViewServiceSet</Filter>
    </ClCompile>
    <ClCompile Include="..\..\src\OpcUaStackCore\ServiceSet\RegisterNodesRequest.cpp">
      <Filter>src\ServiceSet\ViewServiceSet</Filter>
    </ClCompile>
    <ClCompile Include="..\..\src\OpcUaStackCore\ServiceSet\RegisterNodesResponse.cpp">
      <Filter>src\ServiceSet\ViewServiceSet</Filter>
    </ClCompile>
    <ClCompile Include="..\..\src\OpcUaStackCore\ServiceSet\UnregisterNodesRequest.cpp">
      <Filter>src\ServiceSet\ViewServiceSet</Filter>
    </ClCompile>
    <ClCompile Include="..\..\src\OpcUaStackCore\ServiceSet\UnregisterNodesResponse.cpp">
      <Filter>src\ServiceSet\ViewServiceSet</Filter>
    </ClCompile>
    <ClCompile Include="..\..\src\OpcUaStackCore\ServiceSet\ViewDescription.cpp">
      <Filter>src\ServiceSet\Common</Filter>
    </ClCompile>
    <ClCompile Include="..\..\src\OpcUaStackCore\ServiceSet\QueryDataDescription.cpp">
      <Filter>src\ServiceSet\QueryServiceSet</Filter>
    </ClCompile>
    <ClCompile Include="..\..\src\OpcUaStackCore\ServiceSet\NodeTypeDescription.cpp">
      <Filter>src\ServiceSet\QueryServiceSet</Filter>
    </ClCompile>
    <ClCompile Include="..\..\src\OpcUaStackCore\ServiceSet\ParsingResult.cpp">
      <Filter>src\ServiceSet\QueryServiceSet</Filter>
    </ClCompile>
    <ClCompile Include="..\..\src\OpcUaStackCore\ServiceSet\QueryDataSet.cpp">
      <Filter>src\ServiceSet\QueryServiceSet</Filter>
    </ClCompile>
    <ClCompile Include="..\..\src\OpcUaStackCore\ServiceSet\QueryFirstRequest.cpp">
      <Filter>src\ServiceSet\QueryServiceSet</Filter>
    </ClCompile>
    <ClCompile Include="..\..\src\OpcUaStackCore\ServiceSet\QueryFirstResponse.cpp">
      <Filter>src\ServiceSet\QueryServiceSet</Filter>
    </ClCompile>
    <ClCompile Include="..\..\src\OpcUaStackCore\ServiceSet\QueryNextRequest.cpp">
      <Filter>src\ServiceSet\QueryServiceSet</Filter>
    </ClCompile>
    <ClCompile Include="..\..\src\OpcUaStackCore\ServiceSet\QueryNextResponse.cpp">
      <Filter>src\ServiceSet\QueryServiceSet</Filter>
    </ClCompile>
    <ClCompile Include="..\..\src\OpcUaStackCore\Base\Callback.cpp">
      <Filter>src\Base</Filter>
    </ClCompile>
    <ClCompile Include="..\..\src\OpcUaStackCore\Utility\Timer.cpp">
      <Filter>src\Utility</Filter>
    </ClCompile>
    <ClCompile Include="..\..\src\OpcUaStackCore\Utility\PendingQueue.cpp">
      <Filter>src\Utility</Filter>
    </ClCompile>
    <ClCompile Include="..\..\src\OpcUaStackCore\ServiceSet\ServiceBase.cpp">
      <Filter>src\ServiceSet\Common</Filter>
    </ClCompile>
    <ClCompile Include="..\..\src\OpcUaStackCore\ServiceSet\ServiceTransaction.cpp">
      <Filter>src\ServiceSet\Common</Filter>
    </ClCompile>
    <ClCompile Include="..\..\src\OpcUaStackCore\Base\Url.cpp">
      <Filter>src\Base</Filter>
    </ClCompile>
    <ClCompile Include="..\..\src\OpcUaStackCore\ServiceSet\AddNodesResult.cpp">
      <Filter>src\ServiceSet\NodeManagementServiceSet</Filter>
    </ClCompile>
    <ClCompile Include="..\..\src\OpcUaStackCore\ServiceSet\AddReferencesRequest.cpp">
      <Filter>src\ServiceSet\NodeManagementServiceSet</Filter>
    </ClCompile>
    <ClCompile Include="..\..\src\OpcUaStackCore\ServiceSet\AddReferencesResult.cpp">
      <Filter>src\ServiceSet\NodeManagementServiceSet</Filter>
    </ClCompile>
    <ClCompile Include="..\..\src\OpcUaStackCore\ServiceSet\AddReferencesItem.cpp">
      <Filter>src\ServiceSet\NodeManagementServiceSet</Filter>
    </ClCompile>
    <ClCompile Include="..\..\src\OpcUaStackCore\ServiceSet\AddReferencesResponse.cpp">
      <Filter>src\ServiceSet\NodeManagementServiceSet</Filter>
    </ClCompile>
    <ClCompile Include="..\..\src\OpcUaStackCore\ServiceSet\AddNodesResponse.cpp">
      <Filter>src\ServiceSet\NodeManagementServiceSet</Filter>
    </ClCompile>
    <ClCompile Include="..\..\src\OpcUaStackCore\ServiceSet\DeleteNodesItem.cpp">
      <Filter>src\ServiceSet\NodeManagementServiceSet</Filter>
    </ClCompile>
    <ClCompile Include="..\..\src\OpcUaStackCore\ServiceSet\DeleteNodesRequest.cpp">
      <Filter>src\ServiceSet\NodeManagementServiceSet</Filter>
    </ClCompile>
    <ClCompile Include="..\..\src\OpcUaStackCore\ServiceSet\DeleteNodesResult.cpp">
      <Filter>src\ServiceSet\NodeManagementServiceSet</Filter>
    </ClCompile>
    <ClCompile Include="..\..\src\OpcUaStackCore\ServiceSet\DeleteNodesResponse.cpp">
      <Filter>src\ServiceSet\NodeManagementServiceSet</Filter>
    </ClCompile>
    <ClCompile Include="..\..\src\OpcUaStackCore\ServiceSet\DeleteSubscriptionsRequest.cpp">
      <Filter>src\ServiceSet\SubscriptionServiceSet</Filter>
    </ClCompile>
    <ClCompile Include="..\..\src\OpcUaStackCore\ServiceSet\DeleteSubscriptionsResponse.cpp">
      <Filter>src\ServiceSet\SubscriptionServiceSet</Filter>
    </ClCompile>
    <ClCompile Include="..\..\src\OpcUaStackCore\ServiceSet\DeleteReferencesItem.cpp">
      <Filter>sc\ServiceSet\NodeManagementServiceSet</Filter>
    </ClCompile>
    <ClCompile Include="..\..\src\OpcUaStackCore\ServiceSet\DeleteReferencesRequest.cpp">
      <Filter>sc\ServiceSet\NodeManagementServiceSet</Filter>
    </ClCompile>
    <ClCompile Include="..\..\src\OpcUaStackCore\ServiceSet\DeleteReferencesResponse.cpp">
      <Filter>sc\ServiceSet\NodeManagementServiceSet</Filter>
    </ClCompile>
    <ClCompile Include="..\..\src\OpcUaStackCore\ServiceSet\DeleteReferencesResult.cpp">
      <Filter>sc\ServiceSet\NodeManagementServiceSet</Filter>
    </ClCompile>
  </ItemGroup>
  <ItemGroup>
    <None Include="..\..\inc\OpcUaStackCore\Base\Callback.txx">
      <Filter>src\Base</Filter>
    </None>
    <None Include="..\..\inc\OpcUaStackCore\ServiceSet\ServiceTransactionTemplate.txx">
      <Filter>src\ServiceSet\Common</Filter>
    </None>
  </ItemGroup>
</Project>